// !$*UTF8*$!
{
	archiveVersion = 1;
	classes = {
	};
	objectVersion = 55;
	objects = {

/* Begin PBXBuildFile section */
		342270242911063A000B4A58 /* TabBarController.swift in Sources */ = {isa = PBXBuildFile; fileRef = 342270232911063A000B4A58 /* TabBarController.swift */; };
		3422702629110680000B4A58 /* FoodIngredient.json in Resources */ = {isa = PBXBuildFile; fileRef = 3422702529110680000B4A58 /* FoodIngredient.json */; };
		34270E5E290D518A00D5AFFD /* Water.storyboard in Resources */ = {isa = PBXBuildFile; fileRef = 34270E5C290D518A00D5AFFD /* Water.storyboard */; };
		34270E61290D51F300D5AFFD /* Weight.storyboard in Resources */ = {isa = PBXBuildFile; fileRef = 34270E5F290D51F300D5AFFD /* Weight.storyboard */; };
		34270E64290D526500D5AFFD /* DietRecord.storyboard in Resources */ = {isa = PBXBuildFile; fileRef = 34270E62290D526500D5AFFD /* DietRecord.storyboard */; };
		34270E67290D529100D5AFFD /* Report.storyboard in Resources */ = {isa = PBXBuildFile; fileRef = 34270E65290D529100D5AFFD /* Report.storyboard */; };
		34270E69290D530700D5AFFD /* WeightVC.swift in Sources */ = {isa = PBXBuildFile; fileRef = 34270E68290D530700D5AFFD /* WeightVC.swift */; };
		34270E6B290D531F00D5AFFD /* WaterVC.swift in Sources */ = {isa = PBXBuildFile; fileRef = 34270E6A290D531F00D5AFFD /* WaterVC.swift */; };
		34270E6D290D532900D5AFFD /* ProfileVC.swift in Sources */ = {isa = PBXBuildFile; fileRef = 34270E6C290D532900D5AFFD /* ProfileVC.swift */; };
		34270E6F290D533400D5AFFD /* ReportVC.swift in Sources */ = {isa = PBXBuildFile; fileRef = 34270E6E290D533400D5AFFD /* ReportVC.swift */; };
		34270E72290D54B700D5AFFD /* Profile.storyboard in Resources */ = {isa = PBXBuildFile; fileRef = 34270E70290D54B700D5AFFD /* Profile.storyboard */; };
		34270E75290D566D00D5AFFD /* HealthKit.framework in Frameworks */ = {isa = PBXBuildFile; fileRef = 34270E74290D566D00D5AFFD /* HealthKit.framework */; };
		34270E78290D578800D5AFFD /* HealthKitManager.swift in Sources */ = {isa = PBXBuildFile; fileRef = 34270E77290D578800D5AFFD /* HealthKitManager.swift */; };
		34270E7B290E9A4300D5AFFD /* CaloriesPieChartCell.swift in Sources */ = {isa = PBXBuildFile; fileRef = 34270E7A290E9A4300D5AFFD /* CaloriesPieChartCell.swift */; };
		34270E7D290E9BFC00D5AFFD /* CaloriesPieChartCell.xib in Resources */ = {isa = PBXBuildFile; fileRef = 34270E7C290E9BFC00D5AFFD /* CaloriesPieChartCell.xib */; };
		34270E7F290EAD0600D5AFFD /* DietRecordCell.swift in Sources */ = {isa = PBXBuildFile; fileRef = 34270E7E290EAD0600D5AFFD /* DietRecordCell.swift */; };
		34270E81290EAD1400D5AFFD /* DietRecordCell.xib in Resources */ = {isa = PBXBuildFile; fileRef = 34270E80290EAD1400D5AFFD /* DietRecordCell.xib */; };
		34270E83290EB44900D5AFFD /* FoodBaseView.xib in Resources */ = {isa = PBXBuildFile; fileRef = 34270E82290EB44900D5AFFD /* FoodBaseView.xib */; };
		34270E85290EB97600D5AFFD /* FoodBaseView.swift in Sources */ = {isa = PBXBuildFile; fileRef = 34270E84290EB97600D5AFFD /* FoodBaseView.swift */; };
		34270E87290ED41000D5AFFD /* Food.swift in Sources */ = {isa = PBXBuildFile; fileRef = 34270E86290ED41000D5AFFD /* Food.swift */; };
		34270E8B290F7A5700D5AFFD /* DietInputVC.swift in Sources */ = {isa = PBXBuildFile; fileRef = 34270E8A290F7A5700D5AFFD /* DietInputVC.swift */; };
		34270E91290F810100D5AFFD /* FoodDailyCell.swift in Sources */ = {isa = PBXBuildFile; fileRef = 34270E90290F810100D5AFFD /* FoodDailyCell.swift */; };
		34270E93290F810D00D5AFFD /* FoodDailyCell.xib in Resources */ = {isa = PBXBuildFile; fileRef = 34270E92290F810D00D5AFFD /* FoodDailyCell.xib */; };
		34270E95290F965800D5AFFD /* UIView+Extension.swift in Sources */ = {isa = PBXBuildFile; fileRef = 34270E94290F965800D5AFFD /* UIView+Extension.swift */; };
		34270E97290FA32E00D5AFFD /* FoodSearchVC.swift in Sources */ = {isa = PBXBuildFile; fileRef = 34270E96290FA32E00D5AFFD /* FoodSearchVC.swift */; };
		34270E9A290FA7D200D5AFFD /* FoodSearchResultCell.swift in Sources */ = {isa = PBXBuildFile; fileRef = 34270E99290FA7D200D5AFFD /* FoodSearchResultCell.swift */; };
		34270E9C290FAD7500D5AFFD /* FoodNutrtionVC.swift in Sources */ = {isa = PBXBuildFile; fileRef = 34270E9B290FAD7500D5AFFD /* FoodNutrtionVC.swift */; };
		34270EA1290FC55900D5AFFD /* DietRecordProvider.swift in Sources */ = {isa = PBXBuildFile; fileRef = 34270EA0290FC55900D5AFFD /* DietRecordProvider.swift */; };
		34270EA3290FCED100D5AFFD /* String+Extension.swift in Sources */ = {isa = PBXBuildFile; fileRef = 34270EA2290FCED100D5AFFD /* String+Extension.swift */; };
		34270EA52910B51F00D5AFFD /* UITableView+Extension.swift in Sources */ = {isa = PBXBuildFile; fileRef = 34270EA42910B51F00D5AFFD /* UITableView+Extension.swift */; };
		343CD69429111C6E0048046E /* KingFisherWrapper.swift in Sources */ = {isa = PBXBuildFile; fileRef = 343CD69329111C6E0048046E /* KingFisherWrapper.swift */; };
		343CD698291223850048046E /* BarChart.swift in Sources */ = {isa = PBXBuildFile; fileRef = 343CD697291223850048046E /* BarChart.swift */; };
		344DC7BF2926200800D245A2 /* WidgetKit.framework in Frameworks */ = {isa = PBXBuildFile; fileRef = 344DC7BE2926200800D245A2 /* WidgetKit.framework */; };
		344DC7C12926200800D245A2 /* SwiftUI.framework in Frameworks */ = {isa = PBXBuildFile; fileRef = 344DC7C02926200800D245A2 /* SwiftUI.framework */; };
		344DC7C42926200800D245A2 /* ChartViewWidget.swift in Sources */ = {isa = PBXBuildFile; fileRef = 344DC7C32926200800D245A2 /* ChartViewWidget.swift */; };
		344DC7C62926200800D245A2 /* Assets.xcassets in Resources */ = {isa = PBXBuildFile; fileRef = 344DC7C52926200800D245A2 /* Assets.xcassets */; };
		344DC7CA2926200800D245A2 /* ChartViewWidgetExtension.appex in Embed App Extensions */ = {isa = PBXBuildFile; fileRef = 344DC7BD2926200800D245A2 /* ChartViewWidgetExtension.appex */; settings = {ATTRIBUTES = (RemoveHeadersOnCopy, ); }; };
		344DC7D829266A4500D245A2 /* DietPieChartWidget.swift in Sources */ = {isa = PBXBuildFile; fileRef = 344DC7D729266A4500D245A2 /* DietPieChartWidget.swift */; };
		344DC7E92927656400D245A2 /* 82624-foodies.json in Resources */ = {isa = PBXBuildFile; fileRef = 344DC7E82927656400D245A2 /* 82624-foodies.json */; };
		344DC7ED292A1EDE00D245A2 /* 79611-water-animation.json in Resources */ = {isa = PBXBuildFile; fileRef = 344DC7EC292A1EDE00D245A2 /* 79611-water-animation.json */; };
		3460ED77291B71AC002ED662 /* SetupGoalVC.swift in Sources */ = {isa = PBXBuildFile; fileRef = 3460ED76291B71AC002ED662 /* SetupGoalVC.swift */; };
		3460ED7A291B7728002ED662 /* ReportAutomaticGoalCell.swift in Sources */ = {isa = PBXBuildFile; fileRef = 3460ED79291B7728002ED662 /* ReportAutomaticGoalCell.swift */; };
		3460ED7C291B9748002ED662 /* GoalVC.swift in Sources */ = {isa = PBXBuildFile; fileRef = 3460ED7B291B9748002ED662 /* GoalVC.swift */; };
		3460ED7F291B9FAA002ED662 /* Goal.swift in Sources */ = {isa = PBXBuildFile; fileRef = 3460ED7E291B9FAA002ED662 /* Goal.swift */; };
		3460ED81291BB255002ED662 /* ReportProvider.swift in Sources */ = {isa = PBXBuildFile; fileRef = 3460ED80291BB255002ED662 /* ReportProvider.swift */; };
		3460ED83291BCC66002ED662 /* ReportSetGoalCell.swift in Sources */ = {isa = PBXBuildFile; fileRef = 3460ED82291BCC66002ED662 /* ReportSetGoalCell.swift */; };
		34642932290CF79A0070B425 /* AppDelegate.swift in Sources */ = {isa = PBXBuildFile; fileRef = 34642931290CF79A0070B425 /* AppDelegate.swift */; };
		34642934290CF79A0070B425 /* SceneDelegate.swift in Sources */ = {isa = PBXBuildFile; fileRef = 34642933290CF79A0070B425 /* SceneDelegate.swift */; };
		34642936290CF79A0070B425 /* DietRecordVC.swift in Sources */ = {isa = PBXBuildFile; fileRef = 34642935290CF79A0070B425 /* DietRecordVC.swift */; };
		34642939290CF79A0070B425 /* Main.storyboard in Resources */ = {isa = PBXBuildFile; fileRef = 34642937290CF79A0070B425 /* Main.storyboard */; };
		3464293B290CF79A0070B425 /* Assets.xcassets in Resources */ = {isa = PBXBuildFile; fileRef = 3464293A290CF79A0070B425 /* Assets.xcassets */; };
		3464293E290CF79A0070B425 /* LaunchScreen.storyboard in Resources */ = {isa = PBXBuildFile; fileRef = 3464293C290CF79A0070B425 /* LaunchScreen.storyboard */; };
		34642946290D01990070B425 /* GoogleService-Info.plist in Resources */ = {isa = PBXBuildFile; fileRef = 34642945290D01990070B425 /* GoogleService-Info.plist */; };
		34642949290D07B80070B425 /* PieChart.swift in Sources */ = {isa = PBXBuildFile; fileRef = 34642948290D07B80070B425 /* PieChart.swift */; };
		3464294D290D16E00070B425 /* Double+Extension.swift in Sources */ = {isa = PBXBuildFile; fileRef = 3464294C290D16E00070B425 /* Double+Extension.swift */; };
		34642950290D1EA20070B425 /* UIColor+Extension.swift in Sources */ = {isa = PBXBuildFile; fileRef = 3464294F290D1EA20070B425 /* UIColor+Extension.swift */; };
		34642955290D2A290070B425 /* LineChart.swift in Sources */ = {isa = PBXBuildFile; fileRef = 34642954290D2A290070B425 /* LineChart.swift */; };
		34642957290D2B2D0070B425 /* DRConstant.swift in Sources */ = {isa = PBXBuildFile; fileRef = 34642956290D2B2D0070B425 /* DRConstant.swift */; };
		3464295C290D48650070B425 /* BalloonMarker.swift in Sources */ = {isa = PBXBuildFile; fileRef = 3464295B290D48650070B425 /* BalloonMarker.swift */; };
		3469168C291255860021985F /* ReportBarChartCell.swift in Sources */ = {isa = PBXBuildFile; fileRef = 3469168B291255860021985F /* ReportBarChartCell.swift */; };
		3469168E291277A40021985F /* ChartXAxis.swift in Sources */ = {isa = PBXBuildFile; fileRef = 3469168D291277A40021985F /* ChartXAxis.swift */; };
		3469169229127C430021985F /* ReportDetailCell.xib in Resources */ = {isa = PBXBuildFile; fileRef = 3469169129127C430021985F /* ReportDetailCell.xib */; };
		3469169429127C510021985F /* ReportDetailCell.swift in Sources */ = {isa = PBXBuildFile; fileRef = 3469169329127C510021985F /* ReportDetailCell.swift */; };
		34930BB929238E6F0037A82E /* DietGoalCollectionViewCell.swift in Sources */ = {isa = PBXBuildFile; fileRef = 34930BB829238E6F0037A82E /* DietGoalCollectionViewCell.swift */; };
		34930BBB292470510037A82E /* InitialVC.swift in Sources */ = {isa = PBXBuildFile; fileRef = 34930BBA292470510037A82E /* InitialVC.swift */; };
		34930BBD292487F40037A82E /* ProfileSettingVC.swift in Sources */ = {isa = PBXBuildFile; fileRef = 34930BBC292487F40037A82E /* ProfileSettingVC.swift */; };
		34930BC02924932A0037A82E /* ProfileSettingCell.swift in Sources */ = {isa = PBXBuildFile; fileRef = 34930BBF2924932A0037A82E /* ProfileSettingCell.swift */; };
		349B8D8A2918F66B002EB186 /* ProfileDetailCell.swift in Sources */ = {isa = PBXBuildFile; fileRef = 349B8D892918F66B002EB186 /* ProfileDetailCell.swift */; };
		349B8D8C2918F696002EB186 /* ProfileResponseCell.swift in Sources */ = {isa = PBXBuildFile; fileRef = 349B8D8B2918F696002EB186 /* ProfileResponseCell.swift */; };
		349B8D8E29192E7E002EB186 /* AddFollowingVC.swift in Sources */ = {isa = PBXBuildFile; fileRef = 349B8D8D29192E7E002EB186 /* AddFollowingVC.swift */; };
		349B8D9029193514002EB186 /* User.swift in Sources */ = {isa = PBXBuildFile; fileRef = 349B8D8F29193514002EB186 /* User.swift */; };
		349B8D9229193D7B002EB186 /* ProfileDetailCell.xib in Resources */ = {isa = PBXBuildFile; fileRef = 349B8D9129193D7B002EB186 /* ProfileDetailCell.xib */; };
		349B8D96291A215D002EB186 /* CheckRequestVC.swift in Sources */ = {isa = PBXBuildFile; fileRef = 349B8D95291A215D002EB186 /* CheckRequestVC.swift */; };
		349B8D98291A22CF002EB186 /* RequestCell.swift in Sources */ = {isa = PBXBuildFile; fileRef = 349B8D97291A22CF002EB186 /* RequestCell.swift */; };
		34A2B5A2292337DE00E01545 /* LoginVC.swift in Sources */ = {isa = PBXBuildFile; fileRef = 34A2B5A1292337DE00E01545 /* LoginVC.swift */; };
		34A2B5AB292371AB00E01545 /* ProfileInformationVC.swift in Sources */ = {isa = PBXBuildFile; fileRef = 34A2B5AA292371AB00E01545 /* ProfileInformationVC.swift */; };
		34A2B5AE2923898A00E01545 /* ProfileInformationCell.swift in Sources */ = {isa = PBXBuildFile; fileRef = 34A2B5AD2923898A00E01545 /* ProfileInformationCell.swift */; };
		34C00058291C8EAC00670CA4 /* JGProgressHUDWrapper.swift in Sources */ = {isa = PBXBuildFile; fileRef = 34C00057291C8EAC00670CA4 /* JGProgressHUDWrapper.swift */; };
		34C0005C291C901600670CA4 /* FoodNutritionCell.swift in Sources */ = {isa = PBXBuildFile; fileRef = 34C0005A291C901600670CA4 /* FoodNutritionCell.swift */; };
		34C0005D291C901600670CA4 /* FoodNutritionCell.xib in Resources */ = {isa = PBXBuildFile; fileRef = 34C0005B291C901600670CA4 /* FoodNutritionCell.xib */; };
		34C0005F291C958800670CA4 /* CommonNameCell.swift in Sources */ = {isa = PBXBuildFile; fileRef = 34C0005E291C958800670CA4 /* CommonNameCell.swift */; };
		34C00061291CA43600670CA4 /* UITextField+Extension.swift in Sources */ = {isa = PBXBuildFile; fileRef = 34C00060291CA43600670CA4 /* UITextField+Extension.swift */; };
		34C00063291CAB1000670CA4 /* UIViewController+Extension.swift in Sources */ = {isa = PBXBuildFile; fileRef = 34C00062291CAB1000670CA4 /* UIViewController+Extension.swift */; };
		34C00065291CE31B00670CA4 /* ChooseDateVC.swift in Sources */ = {isa = PBXBuildFile; fileRef = 34C00064291CE31B00670CA4 /* ChooseDateVC.swift */; };
		34C00067291E1FD600670CA4 /* WaterHistoryVC.swift in Sources */ = {isa = PBXBuildFile; fileRef = 34C00066291E1FD600670CA4 /* WaterHistoryVC.swift */; };
		34C00069291FA32F00670CA4 /* ProfileHomePageVC.swift in Sources */ = {isa = PBXBuildFile; fileRef = 34C00068291FA32F00670CA4 /* ProfileHomePageVC.swift */; };
		34C0006F2922494900670CA4 /* FoodCollectionViewCell.swift in Sources */ = {isa = PBXBuildFile; fileRef = 34C0006D2922494900670CA4 /* FoodCollectionViewCell.swift */; };
		34C000702922494900670CA4 /* FoodCollectionViewCell.xib in Resources */ = {isa = PBXBuildFile; fileRef = 34C0006E2922494900670CA4 /* FoodCollectionViewCell.xib */; };
		34CF740829135742009F9264 /* TotalWaterCell.swift in Sources */ = {isa = PBXBuildFile; fileRef = 34CF740729135742009F9264 /* TotalWaterCell.swift */; };
		34CF740B29135BCC009F9264 /* WaterRecordProvider.swift in Sources */ = {isa = PBXBuildFile; fileRef = 34CF740A29135BCC009F9264 /* WaterRecordProvider.swift */; };
		34CF740D29135D02009F9264 /* Water.swift in Sources */ = {isa = PBXBuildFile; fileRef = 34CF740C29135D02009F9264 /* Water.swift */; };
		34CF7410291365DF009F9264 /* WaterInputVC.swift in Sources */ = {isa = PBXBuildFile; fileRef = 34CF740F291365DF009F9264 /* WaterInputVC.swift */; };
		34CF74122913978D009F9264 /* WaterReminderCell.swift in Sources */ = {isa = PBXBuildFile; fileRef = 34CF74112913978D009F9264 /* WaterReminderCell.swift */; };
		34CF74152914C0ED009F9264 /* Weight.swift in Sources */ = {isa = PBXBuildFile; fileRef = 34CF74142914C0ED009F9264 /* Weight.swift */; };
		34CF74172914C10E009F9264 /* WeightRecordProvider.swift in Sources */ = {isa = PBXBuildFile; fileRef = 34CF74162914C10E009F9264 /* WeightRecordProvider.swift */; };
		34CF741A2914ECA7009F9264 /* WeightCell.swift in Sources */ = {isa = PBXBuildFile; fileRef = 34CF74192914ECA7009F9264 /* WeightCell.swift */; };
		34CF741D2914F2D7009F9264 /* WeightInputVC.swift in Sources */ = {isa = PBXBuildFile; fileRef = 34CF741C2914F2D7009F9264 /* WeightInputVC.swift */; };
		34CF7420291660AC009F9264 /* ProfileCell.swift in Sources */ = {isa = PBXBuildFile; fileRef = 34CF741F291660AC009F9264 /* ProfileCell.swift */; };
		34CF7422291660DB009F9264 /* UICollectionView+Extension.swift in Sources */ = {isa = PBXBuildFile; fileRef = 34CF7421291660DB009F9264 /* UICollectionView+Extension.swift */; };
		34CF7425291661DF009F9264 /* ProfileProvider.swift in Sources */ = {isa = PBXBuildFile; fileRef = 34CF7424291661DF009F9264 /* ProfileProvider.swift */; };
		34CF7428291683D5009F9264 /* ProfileDetailVC.swift in Sources */ = {isa = PBXBuildFile; fileRef = 34CF7427291683D5009F9264 /* ProfileDetailVC.swift */; };
		34E2766E292EFFC500750DAF /* 86240-water-droplet-level-1.json in Resources */ = {isa = PBXBuildFile; fileRef = 34E2766D292EFFC500750DAF /* 86240-water-droplet-level-1.json */; };
		34E27670292F12BF00750DAF /* 37303-swipe-for-a-toggle-button.json in Resources */ = {isa = PBXBuildFile; fileRef = 34E2766F292F12BF00750DAF /* 37303-swipe-for-a-toggle-button.json */; };
		34E27672292FC2E700750DAF /* 5202-review-id.json in Resources */ = {isa = PBXBuildFile; fileRef = 34E27671292FC2E700750DAF /* 5202-review-id.json */; };
		34E27674292FC51900750DAF /* 98877-search.json in Resources */ = {isa = PBXBuildFile; fileRef = 34E27673292FC51900750DAF /* 98877-search.json */; };
		34E27676292FC70C00750DAF /* 36538-find-id.json in Resources */ = {isa = PBXBuildFile; fileRef = 34E27675292FC70C00750DAF /* 36538-find-id.json */; };
		34E27678293066A200750DAF /* SwiftJWTWrapper.swift in Sources */ = {isa = PBXBuildFile; fileRef = 34E27677293066A200750DAF /* SwiftJWTWrapper.swift */; };
		34E2767A2930689C00750DAF /* AuthKey_N2UB2RNM86.p8 in Resources */ = {isa = PBXBuildFile; fileRef = 34E276792930689C00750DAF /* AuthKey_N2UB2RNM86.p8 */; };
		34E2767E29308C1D00750DAF /* TokenResponse.swift in Sources */ = {isa = PBXBuildFile; fileRef = 34E2767D29308C1D00750DAF /* TokenResponse.swift */; };
		34E2768029309C6400750DAF /* KeyChainSwiftWrapper.swift in Sources */ = {isa = PBXBuildFile; fileRef = 34E2767F29309C6400750DAF /* KeyChainSwiftWrapper.swift */; };
		34E2768629321BC700750DAF /* DietImage.png in Resources */ = {isa = PBXBuildFile; fileRef = 34E2768429321B6600750DAF /* DietImage.png */; };
		34E2768829321EF200750DAF /* WaterImage.png in Resources */ = {isa = PBXBuildFile; fileRef = 34E2768729321EF200750DAF /* WaterImage.png */; };
		34E2768A293228C700750DAF /* 52028-book-review.json in Resources */ = {isa = PBXBuildFile; fileRef = 34E27689293228C700750DAF /* 52028-book-review.json */; };
		A3CC9B929204A0FF53BAEF40 /* Pods_DietRecord.framework in Frameworks */ = {isa = PBXBuildFile; fileRef = 6D4D44BAAC8460562389C130 /* Pods_DietRecord.framework */; };
/* End PBXBuildFile section */

/* Begin PBXContainerItemProxy section */
		344DC7C82926200800D245A2 /* PBXContainerItemProxy */ = {
			isa = PBXContainerItemProxy;
			containerPortal = 34642926290CF79A0070B425 /* Project object */;
			proxyType = 1;
			remoteGlobalIDString = 344DC7BC2926200800D245A2;
			remoteInfo = ChartViewWidgetExtension;
		};
/* End PBXContainerItemProxy section */

/* Begin PBXCopyFilesBuildPhase section */
		344DC7CB2926200800D245A2 /* Embed App Extensions */ = {
			isa = PBXCopyFilesBuildPhase;
			buildActionMask = 2147483647;
			dstPath = "";
			dstSubfolderSpec = 13;
			files = (
				344DC7CA2926200800D245A2 /* ChartViewWidgetExtension.appex in Embed App Extensions */,
			);
			name = "Embed App Extensions";
			runOnlyForDeploymentPostprocessing = 0;
		};
/* End PBXCopyFilesBuildPhase section */

/* Begin PBXFileReference section */
		0F70E0A7FBB5357DB1F3479B /* Pods-DietRecord.debug.xcconfig */ = {isa = PBXFileReference; includeInIndex = 1; lastKnownFileType = text.xcconfig; name = "Pods-DietRecord.debug.xcconfig"; path = "Target Support Files/Pods-DietRecord/Pods-DietRecord.debug.xcconfig"; sourceTree = "<group>"; };
		1AFFCECFF9E58FBA689E2C5A /* Pods-DietRecord.release.xcconfig */ = {isa = PBXFileReference; includeInIndex = 1; lastKnownFileType = text.xcconfig; name = "Pods-DietRecord.release.xcconfig"; path = "Target Support Files/Pods-DietRecord/Pods-DietRecord.release.xcconfig"; sourceTree = "<group>"; };
		342270232911063A000B4A58 /* TabBarController.swift */ = {isa = PBXFileReference; lastKnownFileType = sourcecode.swift; path = TabBarController.swift; sourceTree = "<group>"; };
		3422702529110680000B4A58 /* FoodIngredient.json */ = {isa = PBXFileReference; fileEncoding = 4; lastKnownFileType = text.json; path = FoodIngredient.json; sourceTree = "<group>"; };
		34270E5D290D518A00D5AFFD /* Base */ = {isa = PBXFileReference; lastKnownFileType = file.storyboard; name = Base; path = Base.lproj/Water.storyboard; sourceTree = "<group>"; };
		34270E60290D51F300D5AFFD /* Base */ = {isa = PBXFileReference; lastKnownFileType = file.storyboard; name = Base; path = Base.lproj/Weight.storyboard; sourceTree = "<group>"; };
		34270E63290D526500D5AFFD /* Base */ = {isa = PBXFileReference; lastKnownFileType = file.storyboard; name = Base; path = Base.lproj/DietRecord.storyboard; sourceTree = "<group>"; };
		34270E66290D529100D5AFFD /* Base */ = {isa = PBXFileReference; lastKnownFileType = file.storyboard; name = Base; path = Base.lproj/Report.storyboard; sourceTree = "<group>"; };
		34270E68290D530700D5AFFD /* WeightVC.swift */ = {isa = PBXFileReference; lastKnownFileType = sourcecode.swift; path = WeightVC.swift; sourceTree = "<group>"; };
		34270E6A290D531F00D5AFFD /* WaterVC.swift */ = {isa = PBXFileReference; lastKnownFileType = sourcecode.swift; path = WaterVC.swift; sourceTree = "<group>"; };
		34270E6C290D532900D5AFFD /* ProfileVC.swift */ = {isa = PBXFileReference; lastKnownFileType = sourcecode.swift; path = ProfileVC.swift; sourceTree = "<group>"; };
		34270E6E290D533400D5AFFD /* ReportVC.swift */ = {isa = PBXFileReference; lastKnownFileType = sourcecode.swift; path = ReportVC.swift; sourceTree = "<group>"; };
		34270E71290D54B700D5AFFD /* Base */ = {isa = PBXFileReference; lastKnownFileType = file.storyboard; name = Base; path = Base.lproj/Profile.storyboard; sourceTree = "<group>"; };
		34270E73290D566D00D5AFFD /* DietRecord.entitlements */ = {isa = PBXFileReference; lastKnownFileType = text.plist.entitlements; path = DietRecord.entitlements; sourceTree = "<group>"; };
		34270E74290D566D00D5AFFD /* HealthKit.framework */ = {isa = PBXFileReference; lastKnownFileType = wrapper.framework; name = HealthKit.framework; path = System/Library/Frameworks/HealthKit.framework; sourceTree = SDKROOT; };
		34270E77290D578800D5AFFD /* HealthKitManager.swift */ = {isa = PBXFileReference; fileEncoding = 4; lastKnownFileType = sourcecode.swift; path = HealthKitManager.swift; sourceTree = "<group>"; };
		34270E7A290E9A4300D5AFFD /* CaloriesPieChartCell.swift */ = {isa = PBXFileReference; lastKnownFileType = sourcecode.swift; path = CaloriesPieChartCell.swift; sourceTree = "<group>"; };
		34270E7C290E9BFC00D5AFFD /* CaloriesPieChartCell.xib */ = {isa = PBXFileReference; lastKnownFileType = file.xib; path = CaloriesPieChartCell.xib; sourceTree = "<group>"; };
		34270E7E290EAD0600D5AFFD /* DietRecordCell.swift */ = {isa = PBXFileReference; lastKnownFileType = sourcecode.swift; path = DietRecordCell.swift; sourceTree = "<group>"; };
		34270E80290EAD1400D5AFFD /* DietRecordCell.xib */ = {isa = PBXFileReference; lastKnownFileType = file.xib; path = DietRecordCell.xib; sourceTree = "<group>"; };
		34270E82290EB44900D5AFFD /* FoodBaseView.xib */ = {isa = PBXFileReference; lastKnownFileType = file.xib; path = FoodBaseView.xib; sourceTree = "<group>"; };
		34270E84290EB97600D5AFFD /* FoodBaseView.swift */ = {isa = PBXFileReference; lastKnownFileType = sourcecode.swift; path = FoodBaseView.swift; sourceTree = "<group>"; };
		34270E86290ED41000D5AFFD /* Food.swift */ = {isa = PBXFileReference; lastKnownFileType = sourcecode.swift; path = Food.swift; sourceTree = "<group>"; };
		34270E8A290F7A5700D5AFFD /* DietInputVC.swift */ = {isa = PBXFileReference; lastKnownFileType = sourcecode.swift; path = DietInputVC.swift; sourceTree = "<group>"; };
		34270E90290F810100D5AFFD /* FoodDailyCell.swift */ = {isa = PBXFileReference; lastKnownFileType = sourcecode.swift; path = FoodDailyCell.swift; sourceTree = "<group>"; };
		34270E92290F810D00D5AFFD /* FoodDailyCell.xib */ = {isa = PBXFileReference; lastKnownFileType = file.xib; path = FoodDailyCell.xib; sourceTree = "<group>"; };
		34270E94290F965800D5AFFD /* UIView+Extension.swift */ = {isa = PBXFileReference; lastKnownFileType = sourcecode.swift; path = "UIView+Extension.swift"; sourceTree = "<group>"; };
		34270E96290FA32E00D5AFFD /* FoodSearchVC.swift */ = {isa = PBXFileReference; lastKnownFileType = sourcecode.swift; path = FoodSearchVC.swift; sourceTree = "<group>"; };
		34270E99290FA7D200D5AFFD /* FoodSearchResultCell.swift */ = {isa = PBXFileReference; lastKnownFileType = sourcecode.swift; path = FoodSearchResultCell.swift; sourceTree = "<group>"; };
		34270E9B290FAD7500D5AFFD /* FoodNutrtionVC.swift */ = {isa = PBXFileReference; lastKnownFileType = sourcecode.swift; path = FoodNutrtionVC.swift; sourceTree = "<group>"; };
		34270EA0290FC55900D5AFFD /* DietRecordProvider.swift */ = {isa = PBXFileReference; lastKnownFileType = sourcecode.swift; path = DietRecordProvider.swift; sourceTree = "<group>"; };
		34270EA2290FCED100D5AFFD /* String+Extension.swift */ = {isa = PBXFileReference; lastKnownFileType = sourcecode.swift; path = "String+Extension.swift"; sourceTree = "<group>"; };
		34270EA42910B51F00D5AFFD /* UITableView+Extension.swift */ = {isa = PBXFileReference; lastKnownFileType = sourcecode.swift; path = "UITableView+Extension.swift"; sourceTree = "<group>"; };
		343CD69329111C6E0048046E /* KingFisherWrapper.swift */ = {isa = PBXFileReference; lastKnownFileType = sourcecode.swift; path = KingFisherWrapper.swift; sourceTree = "<group>"; };
		343CD697291223850048046E /* BarChart.swift */ = {isa = PBXFileReference; lastKnownFileType = sourcecode.swift; path = BarChart.swift; sourceTree = "<group>"; };
		344DC7BD2926200800D245A2 /* ChartViewWidgetExtension.appex */ = {isa = PBXFileReference; explicitFileType = "wrapper.app-extension"; includeInIndex = 0; path = ChartViewWidgetExtension.appex; sourceTree = BUILT_PRODUCTS_DIR; };
		344DC7BE2926200800D245A2 /* WidgetKit.framework */ = {isa = PBXFileReference; lastKnownFileType = wrapper.framework; name = WidgetKit.framework; path = System/Library/Frameworks/WidgetKit.framework; sourceTree = SDKROOT; };
		344DC7C02926200800D245A2 /* SwiftUI.framework */ = {isa = PBXFileReference; lastKnownFileType = wrapper.framework; name = SwiftUI.framework; path = System/Library/Frameworks/SwiftUI.framework; sourceTree = SDKROOT; };
		344DC7C32926200800D245A2 /* ChartViewWidget.swift */ = {isa = PBXFileReference; lastKnownFileType = sourcecode.swift; path = ChartViewWidget.swift; sourceTree = "<group>"; };
		344DC7C52926200800D245A2 /* Assets.xcassets */ = {isa = PBXFileReference; lastKnownFileType = folder.assetcatalog; path = Assets.xcassets; sourceTree = "<group>"; };
		344DC7C72926200800D245A2 /* Info.plist */ = {isa = PBXFileReference; lastKnownFileType = text.plist.xml; path = Info.plist; sourceTree = "<group>"; };
		344DC7CF2926216300D245A2 /* ChartViewWidgetExtension.entitlements */ = {isa = PBXFileReference; lastKnownFileType = text.plist.entitlements; path = ChartViewWidgetExtension.entitlements; sourceTree = "<group>"; };
		344DC7D729266A4500D245A2 /* DietPieChartWidget.swift */ = {isa = PBXFileReference; lastKnownFileType = sourcecode.swift; path = DietPieChartWidget.swift; sourceTree = "<group>"; };
		344DC7E82927656400D245A2 /* 82624-foodies.json */ = {isa = PBXFileReference; fileEncoding = 4; lastKnownFileType = text.json; path = "82624-foodies.json"; sourceTree = "<group>"; };
		344DC7EC292A1EDE00D245A2 /* 79611-water-animation.json */ = {isa = PBXFileReference; fileEncoding = 4; lastKnownFileType = text.json; path = "79611-water-animation.json"; sourceTree = "<group>"; };
		3460ED76291B71AC002ED662 /* SetupGoalVC.swift */ = {isa = PBXFileReference; lastKnownFileType = sourcecode.swift; path = SetupGoalVC.swift; sourceTree = "<group>"; };
		3460ED79291B7728002ED662 /* ReportAutomaticGoalCell.swift */ = {isa = PBXFileReference; lastKnownFileType = sourcecode.swift; path = ReportAutomaticGoalCell.swift; sourceTree = "<group>"; };
		3460ED7B291B9748002ED662 /* GoalVC.swift */ = {isa = PBXFileReference; lastKnownFileType = sourcecode.swift; path = GoalVC.swift; sourceTree = "<group>"; };
		3460ED7E291B9FAA002ED662 /* Goal.swift */ = {isa = PBXFileReference; lastKnownFileType = sourcecode.swift; path = Goal.swift; sourceTree = "<group>"; };
		3460ED80291BB255002ED662 /* ReportProvider.swift */ = {isa = PBXFileReference; lastKnownFileType = sourcecode.swift; path = ReportProvider.swift; sourceTree = "<group>"; };
		3460ED82291BCC66002ED662 /* ReportSetGoalCell.swift */ = {isa = PBXFileReference; lastKnownFileType = sourcecode.swift; path = ReportSetGoalCell.swift; sourceTree = "<group>"; };
		3464292E290CF79A0070B425 /* DietRecord.app */ = {isa = PBXFileReference; explicitFileType = wrapper.application; includeInIndex = 0; path = DietRecord.app; sourceTree = BUILT_PRODUCTS_DIR; };
		34642931290CF79A0070B425 /* AppDelegate.swift */ = {isa = PBXFileReference; lastKnownFileType = sourcecode.swift; path = AppDelegate.swift; sourceTree = "<group>"; };
		34642933290CF79A0070B425 /* SceneDelegate.swift */ = {isa = PBXFileReference; lastKnownFileType = sourcecode.swift; path = SceneDelegate.swift; sourceTree = "<group>"; };
		34642935290CF79A0070B425 /* DietRecordVC.swift */ = {isa = PBXFileReference; lastKnownFileType = sourcecode.swift; path = DietRecordVC.swift; sourceTree = "<group>"; };
		34642938290CF79A0070B425 /* Base */ = {isa = PBXFileReference; lastKnownFileType = file.storyboard; name = Base; path = Base.lproj/Main.storyboard; sourceTree = "<group>"; };
		3464293A290CF79A0070B425 /* Assets.xcassets */ = {isa = PBXFileReference; lastKnownFileType = folder.assetcatalog; path = Assets.xcassets; sourceTree = "<group>"; };
		3464293D290CF79A0070B425 /* Base */ = {isa = PBXFileReference; lastKnownFileType = file.storyboard; name = Base; path = Base.lproj/LaunchScreen.storyboard; sourceTree = "<group>"; };
		3464293F290CF79A0070B425 /* Info.plist */ = {isa = PBXFileReference; lastKnownFileType = text.plist.xml; path = Info.plist; sourceTree = "<group>"; };
		34642945290D01990070B425 /* GoogleService-Info.plist */ = {isa = PBXFileReference; fileEncoding = 4; lastKnownFileType = text.plist.xml; path = "GoogleService-Info.plist"; sourceTree = "<group>"; };
		34642948290D07B80070B425 /* PieChart.swift */ = {isa = PBXFileReference; lastKnownFileType = sourcecode.swift; path = PieChart.swift; sourceTree = "<group>"; };
		3464294C290D16E00070B425 /* Double+Extension.swift */ = {isa = PBXFileReference; lastKnownFileType = sourcecode.swift; path = "Double+Extension.swift"; sourceTree = "<group>"; };
		3464294F290D1EA20070B425 /* UIColor+Extension.swift */ = {isa = PBXFileReference; lastKnownFileType = sourcecode.swift; path = "UIColor+Extension.swift"; sourceTree = "<group>"; };
		34642954290D2A290070B425 /* LineChart.swift */ = {isa = PBXFileReference; lastKnownFileType = sourcecode.swift; path = LineChart.swift; sourceTree = "<group>"; };
		34642956290D2B2D0070B425 /* DRConstant.swift */ = {isa = PBXFileReference; lastKnownFileType = sourcecode.swift; path = DRConstant.swift; sourceTree = "<group>"; };
		3464295B290D48650070B425 /* BalloonMarker.swift */ = {isa = PBXFileReference; lastKnownFileType = sourcecode.swift; path = BalloonMarker.swift; sourceTree = "<group>"; };
		3469168B291255860021985F /* ReportBarChartCell.swift */ = {isa = PBXFileReference; lastKnownFileType = sourcecode.swift; path = ReportBarChartCell.swift; sourceTree = "<group>"; };
		3469168D291277A40021985F /* ChartXAxis.swift */ = {isa = PBXFileReference; lastKnownFileType = sourcecode.swift; path = ChartXAxis.swift; sourceTree = "<group>"; };
		3469169129127C430021985F /* ReportDetailCell.xib */ = {isa = PBXFileReference; lastKnownFileType = file.xib; path = ReportDetailCell.xib; sourceTree = "<group>"; };
		3469169329127C510021985F /* ReportDetailCell.swift */ = {isa = PBXFileReference; lastKnownFileType = sourcecode.swift; path = ReportDetailCell.swift; sourceTree = "<group>"; };
		34930BB829238E6F0037A82E /* DietGoalCollectionViewCell.swift */ = {isa = PBXFileReference; lastKnownFileType = sourcecode.swift; path = DietGoalCollectionViewCell.swift; sourceTree = "<group>"; };
		34930BBA292470510037A82E /* InitialVC.swift */ = {isa = PBXFileReference; lastKnownFileType = sourcecode.swift; path = InitialVC.swift; sourceTree = "<group>"; };
		34930BBC292487F40037A82E /* ProfileSettingVC.swift */ = {isa = PBXFileReference; lastKnownFileType = sourcecode.swift; path = ProfileSettingVC.swift; sourceTree = "<group>"; };
		34930BBF2924932A0037A82E /* ProfileSettingCell.swift */ = {isa = PBXFileReference; lastKnownFileType = sourcecode.swift; path = ProfileSettingCell.swift; sourceTree = "<group>"; };
		349B8D892918F66B002EB186 /* ProfileDetailCell.swift */ = {isa = PBXFileReference; lastKnownFileType = sourcecode.swift; path = ProfileDetailCell.swift; sourceTree = "<group>"; };
		349B8D8B2918F696002EB186 /* ProfileResponseCell.swift */ = {isa = PBXFileReference; lastKnownFileType = sourcecode.swift; path = ProfileResponseCell.swift; sourceTree = "<group>"; };
		349B8D8D29192E7E002EB186 /* AddFollowingVC.swift */ = {isa = PBXFileReference; lastKnownFileType = sourcecode.swift; path = AddFollowingVC.swift; sourceTree = "<group>"; };
		349B8D8F29193514002EB186 /* User.swift */ = {isa = PBXFileReference; lastKnownFileType = sourcecode.swift; path = User.swift; sourceTree = "<group>"; };
		349B8D9129193D7B002EB186 /* ProfileDetailCell.xib */ = {isa = PBXFileReference; lastKnownFileType = file.xib; path = ProfileDetailCell.xib; sourceTree = "<group>"; };
		349B8D95291A215D002EB186 /* CheckRequestVC.swift */ = {isa = PBXFileReference; lastKnownFileType = sourcecode.swift; path = CheckRequestVC.swift; sourceTree = "<group>"; };
		349B8D97291A22CF002EB186 /* RequestCell.swift */ = {isa = PBXFileReference; lastKnownFileType = sourcecode.swift; path = RequestCell.swift; sourceTree = "<group>"; };
		34A2B5A1292337DE00E01545 /* LoginVC.swift */ = {isa = PBXFileReference; lastKnownFileType = sourcecode.swift; path = LoginVC.swift; sourceTree = "<group>"; };
		34A2B5A3292349FA00E01545 /* zh-Hant */ = {isa = PBXFileReference; lastKnownFileType = text.plist.strings; name = "zh-Hant"; path = "zh-Hant.lproj/Profile.strings"; sourceTree = "<group>"; };
		34A2B5A4292349FA00E01545 /* zh-Hant */ = {isa = PBXFileReference; lastKnownFileType = text.plist.strings; name = "zh-Hant"; path = "zh-Hant.lproj/Report.strings"; sourceTree = "<group>"; };
		34A2B5A5292349FA00E01545 /* zh-Hant */ = {isa = PBXFileReference; lastKnownFileType = text.plist.strings; name = "zh-Hant"; path = "zh-Hant.lproj/DietRecord.strings"; sourceTree = "<group>"; };
		34A2B5A6292349FA00E01545 /* zh-Hant */ = {isa = PBXFileReference; lastKnownFileType = text.plist.strings; name = "zh-Hant"; path = "zh-Hant.lproj/Weight.strings"; sourceTree = "<group>"; };
		34A2B5A7292349FA00E01545 /* zh-Hant */ = {isa = PBXFileReference; lastKnownFileType = text.plist.strings; name = "zh-Hant"; path = "zh-Hant.lproj/Water.strings"; sourceTree = "<group>"; };
		34A2B5A8292349FB00E01545 /* zh-Hant */ = {isa = PBXFileReference; lastKnownFileType = text.plist.strings; name = "zh-Hant"; path = "zh-Hant.lproj/LaunchScreen.strings"; sourceTree = "<group>"; };
		34A2B5A9292349FB00E01545 /* zh-Hant */ = {isa = PBXFileReference; lastKnownFileType = text.plist.strings; name = "zh-Hant"; path = "zh-Hant.lproj/Main.strings"; sourceTree = "<group>"; };
		34A2B5AA292371AB00E01545 /* ProfileInformationVC.swift */ = {isa = PBXFileReference; lastKnownFileType = sourcecode.swift; path = ProfileInformationVC.swift; sourceTree = "<group>"; };
		34A2B5AD2923898A00E01545 /* ProfileInformationCell.swift */ = {isa = PBXFileReference; lastKnownFileType = sourcecode.swift; path = ProfileInformationCell.swift; sourceTree = "<group>"; };
		34C00057291C8EAC00670CA4 /* JGProgressHUDWrapper.swift */ = {isa = PBXFileReference; lastKnownFileType = sourcecode.swift; path = JGProgressHUDWrapper.swift; sourceTree = "<group>"; };
		34C0005A291C901600670CA4 /* FoodNutritionCell.swift */ = {isa = PBXFileReference; lastKnownFileType = sourcecode.swift; path = FoodNutritionCell.swift; sourceTree = "<group>"; };
		34C0005B291C901600670CA4 /* FoodNutritionCell.xib */ = {isa = PBXFileReference; lastKnownFileType = file.xib; path = FoodNutritionCell.xib; sourceTree = "<group>"; };
		34C0005E291C958800670CA4 /* CommonNameCell.swift */ = {isa = PBXFileReference; lastKnownFileType = sourcecode.swift; path = CommonNameCell.swift; sourceTree = "<group>"; };
		34C00060291CA43600670CA4 /* UITextField+Extension.swift */ = {isa = PBXFileReference; lastKnownFileType = sourcecode.swift; path = "UITextField+Extension.swift"; sourceTree = "<group>"; };
		34C00062291CAB1000670CA4 /* UIViewController+Extension.swift */ = {isa = PBXFileReference; lastKnownFileType = sourcecode.swift; path = "UIViewController+Extension.swift"; sourceTree = "<group>"; };
		34C00064291CE31B00670CA4 /* ChooseDateVC.swift */ = {isa = PBXFileReference; lastKnownFileType = sourcecode.swift; path = ChooseDateVC.swift; sourceTree = "<group>"; };
		34C00066291E1FD600670CA4 /* WaterHistoryVC.swift */ = {isa = PBXFileReference; lastKnownFileType = sourcecode.swift; path = WaterHistoryVC.swift; sourceTree = "<group>"; };
		34C00068291FA32F00670CA4 /* ProfileHomePageVC.swift */ = {isa = PBXFileReference; lastKnownFileType = sourcecode.swift; path = ProfileHomePageVC.swift; sourceTree = "<group>"; };
		34C0006D2922494900670CA4 /* FoodCollectionViewCell.swift */ = {isa = PBXFileReference; lastKnownFileType = sourcecode.swift; path = FoodCollectionViewCell.swift; sourceTree = "<group>"; };
		34C0006E2922494900670CA4 /* FoodCollectionViewCell.xib */ = {isa = PBXFileReference; lastKnownFileType = file.xib; path = FoodCollectionViewCell.xib; sourceTree = "<group>"; };
		34CF740729135742009F9264 /* TotalWaterCell.swift */ = {isa = PBXFileReference; lastKnownFileType = sourcecode.swift; path = TotalWaterCell.swift; sourceTree = "<group>"; };
		34CF740A29135BCC009F9264 /* WaterRecordProvider.swift */ = {isa = PBXFileReference; lastKnownFileType = sourcecode.swift; path = WaterRecordProvider.swift; sourceTree = "<group>"; };
		34CF740C29135D02009F9264 /* Water.swift */ = {isa = PBXFileReference; lastKnownFileType = sourcecode.swift; path = Water.swift; sourceTree = "<group>"; };
		34CF740F291365DF009F9264 /* WaterInputVC.swift */ = {isa = PBXFileReference; lastKnownFileType = sourcecode.swift; path = WaterInputVC.swift; sourceTree = "<group>"; };
		34CF74112913978D009F9264 /* WaterReminderCell.swift */ = {isa = PBXFileReference; lastKnownFileType = sourcecode.swift; path = WaterReminderCell.swift; sourceTree = "<group>"; };
		34CF74142914C0ED009F9264 /* Weight.swift */ = {isa = PBXFileReference; lastKnownFileType = sourcecode.swift; path = Weight.swift; sourceTree = "<group>"; };
		34CF74162914C10E009F9264 /* WeightRecordProvider.swift */ = {isa = PBXFileReference; lastKnownFileType = sourcecode.swift; path = WeightRecordProvider.swift; sourceTree = "<group>"; };
		34CF74192914ECA7009F9264 /* WeightCell.swift */ = {isa = PBXFileReference; lastKnownFileType = sourcecode.swift; path = WeightCell.swift; sourceTree = "<group>"; };
		34CF741C2914F2D7009F9264 /* WeightInputVC.swift */ = {isa = PBXFileReference; lastKnownFileType = sourcecode.swift; path = WeightInputVC.swift; sourceTree = "<group>"; };
		34CF741F291660AC009F9264 /* ProfileCell.swift */ = {isa = PBXFileReference; lastKnownFileType = sourcecode.swift; path = ProfileCell.swift; sourceTree = "<group>"; };
		34CF7421291660DB009F9264 /* UICollectionView+Extension.swift */ = {isa = PBXFileReference; lastKnownFileType = sourcecode.swift; path = "UICollectionView+Extension.swift"; sourceTree = "<group>"; };
		34CF7424291661DF009F9264 /* ProfileProvider.swift */ = {isa = PBXFileReference; lastKnownFileType = sourcecode.swift; path = ProfileProvider.swift; sourceTree = "<group>"; };
		34CF7427291683D5009F9264 /* ProfileDetailVC.swift */ = {isa = PBXFileReference; lastKnownFileType = sourcecode.swift; path = ProfileDetailVC.swift; sourceTree = "<group>"; };
		34E2766D292EFFC500750DAF /* 86240-water-droplet-level-1.json */ = {isa = PBXFileReference; fileEncoding = 4; lastKnownFileType = text.json; path = "86240-water-droplet-level-1.json"; sourceTree = "<group>"; };
		34E2766F292F12BF00750DAF /* 37303-swipe-for-a-toggle-button.json */ = {isa = PBXFileReference; fileEncoding = 4; lastKnownFileType = text.json; path = "37303-swipe-for-a-toggle-button.json"; sourceTree = "<group>"; };
		34E27671292FC2E700750DAF /* 5202-review-id.json */ = {isa = PBXFileReference; fileEncoding = 4; lastKnownFileType = text.json; path = "5202-review-id.json"; sourceTree = "<group>"; };
		34E27673292FC51900750DAF /* 98877-search.json */ = {isa = PBXFileReference; fileEncoding = 4; lastKnownFileType = text.json; path = "98877-search.json"; sourceTree = "<group>"; };
		34E27675292FC70C00750DAF /* 36538-find-id.json */ = {isa = PBXFileReference; fileEncoding = 4; lastKnownFileType = text.json; path = "36538-find-id.json"; sourceTree = "<group>"; };
		34E27677293066A200750DAF /* SwiftJWTWrapper.swift */ = {isa = PBXFileReference; lastKnownFileType = sourcecode.swift; path = SwiftJWTWrapper.swift; sourceTree = "<group>"; };
		34E276792930689C00750DAF /* AuthKey_N2UB2RNM86.p8 */ = {isa = PBXFileReference; fileEncoding = 4; lastKnownFileType = text; path = AuthKey_N2UB2RNM86.p8; sourceTree = "<group>"; };
		34E2767D29308C1D00750DAF /* TokenResponse.swift */ = {isa = PBXFileReference; lastKnownFileType = sourcecode.swift; path = TokenResponse.swift; sourceTree = "<group>"; };
		34E2767F29309C6400750DAF /* KeyChainSwiftWrapper.swift */ = {isa = PBXFileReference; lastKnownFileType = sourcecode.swift; path = KeyChainSwiftWrapper.swift; sourceTree = "<group>"; };
		34E2768429321B6600750DAF /* DietImage.png */ = {isa = PBXFileReference; lastKnownFileType = image.png; path = DietImage.png; sourceTree = "<group>"; };
		34E2768729321EF200750DAF /* WaterImage.png */ = {isa = PBXFileReference; lastKnownFileType = image.png; path = WaterImage.png; sourceTree = "<group>"; };
		34E27689293228C700750DAF /* 52028-book-review.json */ = {isa = PBXFileReference; fileEncoding = 4; lastKnownFileType = text.json; path = "52028-book-review.json"; sourceTree = "<group>"; };
		6D4D44BAAC8460562389C130 /* Pods_DietRecord.framework */ = {isa = PBXFileReference; explicitFileType = wrapper.framework; includeInIndex = 0; path = Pods_DietRecord.framework; sourceTree = BUILT_PRODUCTS_DIR; };
/* End PBXFileReference section */

/* Begin PBXFrameworksBuildPhase section */
		344DC7BA2926200800D245A2 /* Frameworks */ = {
			isa = PBXFrameworksBuildPhase;
			buildActionMask = 2147483647;
			files = (
				344DC7C12926200800D245A2 /* SwiftUI.framework in Frameworks */,
				344DC7BF2926200800D245A2 /* WidgetKit.framework in Frameworks */,
			);
			runOnlyForDeploymentPostprocessing = 0;
		};
		3464292B290CF79A0070B425 /* Frameworks */ = {
			isa = PBXFrameworksBuildPhase;
			buildActionMask = 2147483647;
			files = (
				A3CC9B929204A0FF53BAEF40 /* Pods_DietRecord.framework in Frameworks */,
				34270E75290D566D00D5AFFD /* HealthKit.framework in Frameworks */,
			);
			runOnlyForDeploymentPostprocessing = 0;
		};
/* End PBXFrameworksBuildPhase section */

/* Begin PBXGroup section */
		34270E76290D576B00D5AFFD /* Model */ = {
			isa = PBXGroup;
			children = (
				3460ED7D291B9F9E002ED662 /* Report */,
				34CF7423291661C1009F9264 /* Profile */,
				34CF74132914C0DD009F9264 /* Weight */,
				34CF740929135B91009F9264 /* Water */,
				34270E9F290FC4E300D5AFFD /* DietRecord */,
				34E2767D29308C1D00750DAF /* TokenResponse.swift */,
			);
			path = Model;
			sourceTree = "<group>";
		};
		34270E79290E977E00D5AFFD /* DietRecord */ = {
			isa = PBXGroup;
			children = (
				34C00059291C8FE300670CA4 /* FoodNutritionCell */,
				34270E98290FA7B900D5AFFD /* FoodSearchResultCell */,
				34270E8F290F80B700D5AFFD /* FoodDailyCell */,
				34270E8E290F80A000D5AFFD /* FoodBaseView */,
				34270E8D290F808D00D5AFFD /* DietRecordCell */,
				34270E8C290F806D00D5AFFD /* CaloriesPieChartCell */,
			);
			path = DietRecord;
			sourceTree = "<group>";
		};
		34270E89290F7A3D00D5AFFD /* DietRecord */ = {
			isa = PBXGroup;
			children = (
				34642935290CF79A0070B425 /* DietRecordVC.swift */,
				34270E8A290F7A5700D5AFFD /* DietInputVC.swift */,
				34270E96290FA32E00D5AFFD /* FoodSearchVC.swift */,
				34270E9B290FAD7500D5AFFD /* FoodNutrtionVC.swift */,
			);
			path = DietRecord;
			sourceTree = "<group>";
		};
		34270E8C290F806D00D5AFFD /* CaloriesPieChartCell */ = {
			isa = PBXGroup;
			children = (
				34270E7C290E9BFC00D5AFFD /* CaloriesPieChartCell.xib */,
				34270E7A290E9A4300D5AFFD /* CaloriesPieChartCell.swift */,
			);
			path = CaloriesPieChartCell;
			sourceTree = "<group>";
		};
		34270E8D290F808D00D5AFFD /* DietRecordCell */ = {
			isa = PBXGroup;
			children = (
				34270E7E290EAD0600D5AFFD /* DietRecordCell.swift */,
				34270E80290EAD1400D5AFFD /* DietRecordCell.xib */,
			);
			path = DietRecordCell;
			sourceTree = "<group>";
		};
		34270E8E290F80A000D5AFFD /* FoodBaseView */ = {
			isa = PBXGroup;
			children = (
				34270E84290EB97600D5AFFD /* FoodBaseView.swift */,
				34270E82290EB44900D5AFFD /* FoodBaseView.xib */,
			);
			path = FoodBaseView;
			sourceTree = "<group>";
		};
		34270E8F290F80B700D5AFFD /* FoodDailyCell */ = {
			isa = PBXGroup;
			children = (
				34270E90290F810100D5AFFD /* FoodDailyCell.swift */,
				34270E92290F810D00D5AFFD /* FoodDailyCell.xib */,
			);
			path = FoodDailyCell;
			sourceTree = "<group>";
		};
		34270E98290FA7B900D5AFFD /* FoodSearchResultCell */ = {
			isa = PBXGroup;
			children = (
				34270E99290FA7D200D5AFFD /* FoodSearchResultCell.swift */,
			);
			path = FoodSearchResultCell;
			sourceTree = "<group>";
		};
		34270E9F290FC4E300D5AFFD /* DietRecord */ = {
			isa = PBXGroup;
			children = (
				34270E86290ED41000D5AFFD /* Food.swift */,
				34270EA0290FC55900D5AFFD /* DietRecordProvider.swift */,
			);
			path = DietRecord;
			sourceTree = "<group>";
		};
		343CD69229111C500048046E /* Third Party Wrapper */ = {
			isa = PBXGroup;
			children = (
				343CD69329111C6E0048046E /* KingFisherWrapper.swift */,
				34C00057291C8EAC00670CA4 /* JGProgressHUDWrapper.swift */,
				34E27677293066A200750DAF /* SwiftJWTWrapper.swift */,
				34E2767F29309C6400750DAF /* KeyChainSwiftWrapper.swift */,
			);
			path = "Third Party Wrapper";
			sourceTree = "<group>";
		};
		344DC7C22926200800D245A2 /* ChartViewWidget */ = {
			isa = PBXGroup;
			children = (
				34E2768429321B6600750DAF /* DietImage.png */,
				34E2768729321EF200750DAF /* WaterImage.png */,
				344DC7C32926200800D245A2 /* ChartViewWidget.swift */,
				344DC7D729266A4500D245A2 /* DietPieChartWidget.swift */,
				344DC7C52926200800D245A2 /* Assets.xcassets */,
				344DC7C72926200800D245A2 /* Info.plist */,
			);
			path = ChartViewWidget;
			sourceTree = "<group>";
		};
		344DC7E72927654F00D245A2 /* Lottie */ = {
			isa = PBXGroup;
			children = (
				34E27689293228C700750DAF /* 52028-book-review.json */,
				34E27675292FC70C00750DAF /* 36538-find-id.json */,
				34E27673292FC51900750DAF /* 98877-search.json */,
				34E27671292FC2E700750DAF /* 5202-review-id.json */,
				34E2766F292F12BF00750DAF /* 37303-swipe-for-a-toggle-button.json */,
				34E2766D292EFFC500750DAF /* 86240-water-droplet-level-1.json */,
				344DC7E82927656400D245A2 /* 82624-foodies.json */,
				344DC7EC292A1EDE00D245A2 /* 79611-water-animation.json */,
			);
			path = Lottie;
			sourceTree = "<group>";
		};
		3460ED75291B717C002ED662 /* Report */ = {
			isa = PBXGroup;
			children = (
				34270E6E290D533400D5AFFD /* ReportVC.swift */,
				3460ED7B291B9748002ED662 /* GoalVC.swift */,
				3460ED76291B71AC002ED662 /* SetupGoalVC.swift */,
			);
			path = Report;
			sourceTree = "<group>";
		};
		3460ED78291B7712002ED662 /* ReportGoalCell */ = {
			isa = PBXGroup;
			children = (
				3460ED79291B7728002ED662 /* ReportAutomaticGoalCell.swift */,
				3460ED82291BCC66002ED662 /* ReportSetGoalCell.swift */,
			);
			path = ReportGoalCell;
			sourceTree = "<group>";
		};
		3460ED7D291B9F9E002ED662 /* Report */ = {
			isa = PBXGroup;
			children = (
				3460ED7E291B9FAA002ED662 /* Goal.swift */,
				3460ED80291BB255002ED662 /* ReportProvider.swift */,
			);
			path = Report;
			sourceTree = "<group>";
		};
		34642925290CF79A0070B425 = {
			isa = PBXGroup;
			children = (
				344DC7CF2926216300D245A2 /* ChartViewWidgetExtension.entitlements */,
				34642930290CF79A0070B425 /* DietRecord */,
				344DC7C22926200800D245A2 /* ChartViewWidget */,
				3464292F290CF79A0070B425 /* Products */,
				D68BFFBBA7D721B67E087B17 /* Pods */,
				CC8EFD0C720311DCA1A8582C /* Frameworks */,
			);
			sourceTree = "<group>";
		};
		3464292F290CF79A0070B425 /* Products */ = {
			isa = PBXGroup;
			children = (
				3464292E290CF79A0070B425 /* DietRecord.app */,
				344DC7BD2926200800D245A2 /* ChartViewWidgetExtension.appex */,
			);
			name = Products;
			sourceTree = "<group>";
		};
		34642930290CF79A0070B425 /* DietRecord */ = {
			isa = PBXGroup;
			children = (
				34270E73290D566D00D5AFFD /* DietRecord.entitlements */,
				34642945290D01990070B425 /* GoogleService-Info.plist */,
				34642931290CF79A0070B425 /* AppDelegate.swift */,
				34642933290CF79A0070B425 /* SceneDelegate.swift */,
				344DC7E72927654F00D245A2 /* Lottie */,
				343CD69229111C500048046E /* Third Party Wrapper */,
				34642951290D23030070B425 /* Resource */,
				3464294E290D1E8E0070B425 /* Extension */,
				34270E76290D576B00D5AFFD /* Model */,
				34642953290D28500070B425 /* Controller */,
				34642952290D28340070B425 /* View */,
				3464293F290CF79A0070B425 /* Info.plist */,
			);
			path = DietRecord;
			sourceTree = "<group>";
		};
		34642947290D077E0070B425 /* Charts */ = {
			isa = PBXGroup;
			children = (
				34642948290D07B80070B425 /* PieChart.swift */,
				343CD697291223850048046E /* BarChart.swift */,
				3464295A290D48400070B425 /* LineChart */,
				3469168D291277A40021985F /* ChartXAxis.swift */,
			);
			path = Charts;
			sourceTree = "<group>";
		};
		3464294E290D1E8E0070B425 /* Extension */ = {
			isa = PBXGroup;
			children = (
				3464294C290D16E00070B425 /* Double+Extension.swift */,
				34C00060291CA43600670CA4 /* UITextField+Extension.swift */,
				34270EA42910B51F00D5AFFD /* UITableView+Extension.swift */,
				34CF7421291660DB009F9264 /* UICollectionView+Extension.swift */,
				34270EA2290FCED100D5AFFD /* String+Extension.swift */,
				34270E94290F965800D5AFFD /* UIView+Extension.swift */,
				3464294F290D1EA20070B425 /* UIColor+Extension.swift */,
				34C00062291CAB1000670CA4 /* UIViewController+Extension.swift */,
			);
			path = Extension;
			sourceTree = "<group>";
		};
		34642951290D23030070B425 /* Resource */ = {
			isa = PBXGroup;
			children = (
				34E276792930689C00750DAF /* AuthKey_N2UB2RNM86.p8 */,
				3422702529110680000B4A58 /* FoodIngredient.json */,
				34642956290D2B2D0070B425 /* DRConstant.swift */,
				3464293A290CF79A0070B425 /* Assets.xcassets */,
			);
			path = Resource;
			sourceTree = "<group>";
		};
		34642952290D28340070B425 /* View */ = {
			isa = PBXGroup;
			children = (
				34CF741E29166094009F9264 /* Profile */,
				34CF74182914EC98009F9264 /* Weight */,
				3469168A291255680021985F /* Report */,
				34CF74062913572A009F9264 /* Water */,
				34270E79290E977E00D5AFFD /* DietRecord */,
				34642947290D077E0070B425 /* Charts */,
				34270E70290D54B700D5AFFD /* Profile.storyboard */,
				34270E65290D529100D5AFFD /* Report.storyboard */,
				34270E62290D526500D5AFFD /* DietRecord.storyboard */,
				34270E5F290D51F300D5AFFD /* Weight.storyboard */,
				34270E5C290D518A00D5AFFD /* Water.storyboard */,
				3464293C290CF79A0070B425 /* LaunchScreen.storyboard */,
				34642937290CF79A0070B425 /* Main.storyboard */,
			);
			path = View;
			sourceTree = "<group>";
		};
		34642953290D28500070B425 /* Controller */ = {
			isa = PBXGroup;
			children = (
				3460ED75291B717C002ED662 /* Report */,
				34CF7426291683B8009F9264 /* Profile */,
				34CF741B2914F2B8009F9264 /* Weight */,
				34CF740E291365C4009F9264 /* Water */,
				34270E89290F7A3D00D5AFFD /* DietRecord */,
				342270232911063A000B4A58 /* TabBarController.swift */,
				34C00064291CE31B00670CA4 /* ChooseDateVC.swift */,
				34A2B5A1292337DE00E01545 /* LoginVC.swift */,
				34930BBA292470510037A82E /* InitialVC.swift */,
			);
			path = Controller;
			sourceTree = "<group>";
		};
		3464295A290D48400070B425 /* LineChart */ = {
			isa = PBXGroup;
			children = (
				34642954290D2A290070B425 /* LineChart.swift */,
				3464295B290D48650070B425 /* BalloonMarker.swift */,
			);
			path = LineChart;
			sourceTree = "<group>";
		};
		3469168A291255680021985F /* Report */ = {
			isa = PBXGroup;
			children = (
				3460ED78291B7712002ED662 /* ReportGoalCell */,
				3469169029127C140021985F /* ReportDetailCell */,
				3469168F29127C040021985F /* ReportBarChartCell */,
			);
			path = Report;
			sourceTree = "<group>";
		};
		3469168F29127C040021985F /* ReportBarChartCell */ = {
			isa = PBXGroup;
			children = (
				3469168B291255860021985F /* ReportBarChartCell.swift */,
			);
			path = ReportBarChartCell;
			sourceTree = "<group>";
		};
		3469169029127C140021985F /* ReportDetailCell */ = {
			isa = PBXGroup;
			children = (
				3469169129127C430021985F /* ReportDetailCell.xib */,
				3469169329127C510021985F /* ReportDetailCell.swift */,
			);
			path = ReportDetailCell;
			sourceTree = "<group>";
		};
		34930BBE2924930C0037A82E /* ProfileSettingCell */ = {
			isa = PBXGroup;
			children = (
				34930BBF2924932A0037A82E /* ProfileSettingCell.swift */,
			);
			path = ProfileSettingCell;
			sourceTree = "<group>";
		};
		349B8D882918F64F002EB186 /* ProfileDetailCell */ = {
			isa = PBXGroup;
			children = (
				349B8D892918F66B002EB186 /* ProfileDetailCell.swift */,
				349B8D9129193D7B002EB186 /* ProfileDetailCell.xib */,
			);
			path = ProfileDetailCell;
			sourceTree = "<group>";
		};
		34A2B5AC2923895200E01545 /* ProfileInformationCell */ = {
			isa = PBXGroup;
			children = (
				34A2B5AD2923898A00E01545 /* ProfileInformationCell.swift */,
				34930BB829238E6F0037A82E /* DietGoalCollectionViewCell.swift */,
			);
			path = ProfileInformationCell;
			sourceTree = "<group>";
		};
		34C00059291C8FE300670CA4 /* FoodNutritionCell */ = {
			isa = PBXGroup;
			children = (
				34C0005E291C958800670CA4 /* CommonNameCell.swift */,
				34C0005A291C901600670CA4 /* FoodNutritionCell.swift */,
				34C0005B291C901600670CA4 /* FoodNutritionCell.xib */,
			);
			path = FoodNutritionCell;
			sourceTree = "<group>";
		};
		34C0006C2922490A00670CA4 /* FoodCollectionViewCell */ = {
			isa = PBXGroup;
			children = (
				34C0006D2922494900670CA4 /* FoodCollectionViewCell.swift */,
				34C0006E2922494900670CA4 /* FoodCollectionViewCell.xib */,
			);
			path = FoodCollectionViewCell;
			sourceTree = "<group>";
		};
		34CF74062913572A009F9264 /* Water */ = {
			isa = PBXGroup;
			children = (
				34CF740729135742009F9264 /* TotalWaterCell.swift */,
				34CF74112913978D009F9264 /* WaterReminderCell.swift */,
			);
			path = Water;
			sourceTree = "<group>";
		};
		34CF740929135B91009F9264 /* Water */ = {
			isa = PBXGroup;
			children = (
				34CF740C29135D02009F9264 /* Water.swift */,
				34CF740A29135BCC009F9264 /* WaterRecordProvider.swift */,
			);
			path = Water;
			sourceTree = "<group>";
		};
		34CF740E291365C4009F9264 /* Water */ = {
			isa = PBXGroup;
			children = (
				34270E6A290D531F00D5AFFD /* WaterVC.swift */,
				34C00066291E1FD600670CA4 /* WaterHistoryVC.swift */,
				34CF740F291365DF009F9264 /* WaterInputVC.swift */,
			);
			path = Water;
			sourceTree = "<group>";
		};
		34CF74132914C0DD009F9264 /* Weight */ = {
			isa = PBXGroup;
			children = (
				34270E77290D578800D5AFFD /* HealthKitManager.swift */,
				34CF74142914C0ED009F9264 /* Weight.swift */,
				34CF74162914C10E009F9264 /* WeightRecordProvider.swift */,
			);
			path = Weight;
			sourceTree = "<group>";
		};
		34CF74182914EC98009F9264 /* Weight */ = {
			isa = PBXGroup;
			children = (
				34CF74192914ECA7009F9264 /* WeightCell.swift */,
			);
			path = Weight;
			sourceTree = "<group>";
		};
		34CF741B2914F2B8009F9264 /* Weight */ = {
			isa = PBXGroup;
			children = (
				34270E68290D530700D5AFFD /* WeightVC.swift */,
				34CF741C2914F2D7009F9264 /* WeightInputVC.swift */,
			);
			path = Weight;
			sourceTree = "<group>";
		};
		34CF741E29166094009F9264 /* Profile */ = {
			isa = PBXGroup;
			children = (
				34930BBE2924930C0037A82E /* ProfileSettingCell */,
				34A2B5AC2923895200E01545 /* ProfileInformationCell */,
				34C0006C2922490A00670CA4 /* FoodCollectionViewCell */,
				349B8D882918F64F002EB186 /* ProfileDetailCell */,
				349B8D8B2918F696002EB186 /* ProfileResponseCell.swift */,
				34CF741F291660AC009F9264 /* ProfileCell.swift */,
				349B8D97291A22CF002EB186 /* RequestCell.swift */,
			);
			path = Profile;
			sourceTree = "<group>";
		};
		34CF7423291661C1009F9264 /* Profile */ = {
			isa = PBXGroup;
			children = (
				34CF7424291661DF009F9264 /* ProfileProvider.swift */,
				349B8D8F29193514002EB186 /* User.swift */,
			);
			path = Profile;
			sourceTree = "<group>";
		};
		34CF7426291683B8009F9264 /* Profile */ = {
			isa = PBXGroup;
			children = (
				34270E6C290D532900D5AFFD /* ProfileVC.swift */,
				34C00068291FA32F00670CA4 /* ProfileHomePageVC.swift */,
				34CF7427291683D5009F9264 /* ProfileDetailVC.swift */,
				349B8D8D29192E7E002EB186 /* AddFollowingVC.swift */,
				349B8D95291A215D002EB186 /* CheckRequestVC.swift */,
				34A2B5AA292371AB00E01545 /* ProfileInformationVC.swift */,
				34930BBC292487F40037A82E /* ProfileSettingVC.swift */,
			);
			path = Profile;
			sourceTree = "<group>";
		};
		CC8EFD0C720311DCA1A8582C /* Frameworks */ = {
			isa = PBXGroup;
			children = (
				34270E74290D566D00D5AFFD /* HealthKit.framework */,
				6D4D44BAAC8460562389C130 /* Pods_DietRecord.framework */,
				344DC7BE2926200800D245A2 /* WidgetKit.framework */,
				344DC7C02926200800D245A2 /* SwiftUI.framework */,
			);
			name = Frameworks;
			sourceTree = "<group>";
		};
		D68BFFBBA7D721B67E087B17 /* Pods */ = {
			isa = PBXGroup;
			children = (
				0F70E0A7FBB5357DB1F3479B /* Pods-DietRecord.debug.xcconfig */,
				1AFFCECFF9E58FBA689E2C5A /* Pods-DietRecord.release.xcconfig */,
			);
			path = Pods;
			sourceTree = "<group>";
		};
/* End PBXGroup section */

/* Begin PBXNativeTarget section */
		344DC7BC2926200800D245A2 /* ChartViewWidgetExtension */ = {
			isa = PBXNativeTarget;
			buildConfigurationList = 344DC7CE2926200800D245A2 /* Build configuration list for PBXNativeTarget "ChartViewWidgetExtension" */;
			buildPhases = (
				344DC7B92926200800D245A2 /* Sources */,
				344DC7BA2926200800D245A2 /* Frameworks */,
				344DC7BB2926200800D245A2 /* Resources */,
			);
			buildRules = (
			);
			dependencies = (
			);
			name = ChartViewWidgetExtension;
			productName = ChartViewWidgetExtension;
			productReference = 344DC7BD2926200800D245A2 /* ChartViewWidgetExtension.appex */;
			productType = "com.apple.product-type.app-extension";
		};
		3464292D290CF79A0070B425 /* DietRecord */ = {
			isa = PBXNativeTarget;
			buildConfigurationList = 34642942290CF79A0070B425 /* Build configuration list for PBXNativeTarget "DietRecord" */;
			buildPhases = (
				6D3F1F307E618FE8EA7156E3 /* [CP] Check Pods Manifest.lock */,
				3464292A290CF79A0070B425 /* Sources */,
				3464292B290CF79A0070B425 /* Frameworks */,
				3464292C290CF79A0070B425 /* Resources */,
				0C50704D3DF0A17A3ED5D99A /* [CP] Embed Pods Frameworks */,
				34270E88290F5D2800D5AFFD /* ShellScript */,
				344DC7CB2926200800D245A2 /* Embed App Extensions */,
				34E276812930A7B600750DAF /* Run Script */,
			);
			buildRules = (
			);
			dependencies = (
				344DC7C92926200800D245A2 /* PBXTargetDependency */,
			);
			name = DietRecord;
			productName = DietRecord;
			productReference = 3464292E290CF79A0070B425 /* DietRecord.app */;
			productType = "com.apple.product-type.application";
		};
/* End PBXNativeTarget section */

/* Begin PBXProject section */
		34642926290CF79A0070B425 /* Project object */ = {
			isa = PBXProject;
			attributes = {
				BuildIndependentTargetsInParallel = 1;
				LastSwiftUpdateCheck = 1340;
				LastUpgradeCheck = 1340;
				TargetAttributes = {
					344DC7BC2926200800D245A2 = {
						CreatedOnToolsVersion = 13.4.1;
					};
					3464292D290CF79A0070B425 = {
						CreatedOnToolsVersion = 13.4.1;
					};
				};
			};
			buildConfigurationList = 34642929290CF79A0070B425 /* Build configuration list for PBXProject "DietRecord" */;
			compatibilityVersion = "Xcode 13.0";
			developmentRegion = en;
			hasScannedForEncodings = 0;
			knownRegions = (
				en,
				Base,
				"zh-Hant",
			);
			mainGroup = 34642925290CF79A0070B425;
			productRefGroup = 3464292F290CF79A0070B425 /* Products */;
			projectDirPath = "";
			projectRoot = "";
			targets = (
				3464292D290CF79A0070B425 /* DietRecord */,
				344DC7BC2926200800D245A2 /* ChartViewWidgetExtension */,
			);
		};
/* End PBXProject section */

/* Begin PBXResourcesBuildPhase section */
		344DC7BB2926200800D245A2 /* Resources */ = {
			isa = PBXResourcesBuildPhase;
			buildActionMask = 2147483647;
			files = (
				344DC7C62926200800D245A2 /* Assets.xcassets in Resources */,
				34E2768629321BC700750DAF /* DietImage.png in Resources */,
				34E2768829321EF200750DAF /* WaterImage.png in Resources */,
			);
			runOnlyForDeploymentPostprocessing = 0;
		};
		3464292C290CF79A0070B425 /* Resources */ = {
			isa = PBXResourcesBuildPhase;
			buildActionMask = 2147483647;
			files = (
				34270E64290D526500D5AFFD /* DietRecord.storyboard in Resources */,
				34270E7D290E9BFC00D5AFFD /* CaloriesPieChartCell.xib in Resources */,
				3464293E290CF79A0070B425 /* LaunchScreen.storyboard in Resources */,
				34E27674292FC51900750DAF /* 98877-search.json in Resources */,
				34C0005D291C901600670CA4 /* FoodNutritionCell.xib in Resources */,
				34270E93290F810D00D5AFFD /* FoodDailyCell.xib in Resources */,
				3422702629110680000B4A58 /* FoodIngredient.json in Resources */,
				34C000702922494900670CA4 /* FoodCollectionViewCell.xib in Resources */,
				34E27672292FC2E700750DAF /* 5202-review-id.json in Resources */,
				3469169229127C430021985F /* ReportDetailCell.xib in Resources */,
				344DC7E92927656400D245A2 /* 82624-foodies.json in Resources */,
				34E27670292F12BF00750DAF /* 37303-swipe-for-a-toggle-button.json in Resources */,
				34270E83290EB44900D5AFFD /* FoodBaseView.xib in Resources */,
				34270E61290D51F300D5AFFD /* Weight.storyboard in Resources */,
				34642946290D01990070B425 /* GoogleService-Info.plist in Resources */,
				34270E67290D529100D5AFFD /* Report.storyboard in Resources */,
				34E2766E292EFFC500750DAF /* 86240-water-droplet-level-1.json in Resources */,
				34E2768A293228C700750DAF /* 52028-book-review.json in Resources */,
				349B8D9229193D7B002EB186 /* ProfileDetailCell.xib in Resources */,
				34270E5E290D518A00D5AFFD /* Water.storyboard in Resources */,
				34E2767A2930689C00750DAF /* AuthKey_N2UB2RNM86.p8 in Resources */,
				344DC7ED292A1EDE00D245A2 /* 79611-water-animation.json in Resources */,
				34E27676292FC70C00750DAF /* 36538-find-id.json in Resources */,
				34270E81290EAD1400D5AFFD /* DietRecordCell.xib in Resources */,
				34270E72290D54B700D5AFFD /* Profile.storyboard in Resources */,
				3464293B290CF79A0070B425 /* Assets.xcassets in Resources */,
				34642939290CF79A0070B425 /* Main.storyboard in Resources */,
			);
			runOnlyForDeploymentPostprocessing = 0;
		};
/* End PBXResourcesBuildPhase section */

/* Begin PBXShellScriptBuildPhase section */
		0C50704D3DF0A17A3ED5D99A /* [CP] Embed Pods Frameworks */ = {
			isa = PBXShellScriptBuildPhase;
			buildActionMask = 2147483647;
			files = (
			);
			inputFileListPaths = (
				"${PODS_ROOT}/Target Support Files/Pods-DietRecord/Pods-DietRecord-frameworks-${CONFIGURATION}-input-files.xcfilelist",
			);
			name = "[CP] Embed Pods Frameworks";
			outputFileListPaths = (
				"${PODS_ROOT}/Target Support Files/Pods-DietRecord/Pods-DietRecord-frameworks-${CONFIGURATION}-output-files.xcfilelist",
			);
			runOnlyForDeploymentPostprocessing = 0;
			shellPath = /bin/sh;
			shellScript = "\"${PODS_ROOT}/Target Support Files/Pods-DietRecord/Pods-DietRecord-frameworks.sh\"\n";
			showEnvVarsInLog = 0;
		};
		34270E88290F5D2800D5AFFD /* ShellScript */ = {
			isa = PBXShellScriptBuildPhase;
			buildActionMask = 2147483647;
			files = (
			);
			inputFileListPaths = (
			);
			inputPaths = (
			);
			outputFileListPaths = (
			);
			outputPaths = (
			);
			runOnlyForDeploymentPostprocessing = 0;
			shellPath = /bin/sh;
			shellScript = "# Type a script or drag a script file from your workspace to insert its path.\n\n\"${PODS_ROOT}/SwiftLint/swiftlint\"\n";
		};
		34E276812930A7B600750DAF /* Run Script */ = {
			isa = PBXShellScriptBuildPhase;
			buildActionMask = 2147483647;
			files = (
			);
			inputFileListPaths = (
			);
			inputPaths = (
				"${DWARF_DSYM_FOLDER_PATH}/${DWARF_DSYM_FILE_NAME}/Contents/Resources/DWARF/${TARGET_NAME}",
				"$(SRCROOT)/$(BUILT_PRODUCTS_DIR)/$(INFOPLIST_PATH)",
			);
			name = "Run Script";
			outputFileListPaths = (
			);
			outputPaths = (
			);
			runOnlyForDeploymentPostprocessing = 0;
			shellPath = /bin/sh;
			shellScript = "# Type a script or drag a script file from your workspace to insert its path.\n\"${PODS_ROOT}/FirebaseCrashlytics/run\"\n";
		};
		6D3F1F307E618FE8EA7156E3 /* [CP] Check Pods Manifest.lock */ = {
			isa = PBXShellScriptBuildPhase;
			buildActionMask = 2147483647;
			files = (
			);
			inputFileListPaths = (
			);
			inputPaths = (
				"${PODS_PODFILE_DIR_PATH}/Podfile.lock",
				"${PODS_ROOT}/Manifest.lock",
			);
			name = "[CP] Check Pods Manifest.lock";
			outputFileListPaths = (
			);
			outputPaths = (
				"$(DERIVED_FILE_DIR)/Pods-DietRecord-checkManifestLockResult.txt",
			);
			runOnlyForDeploymentPostprocessing = 0;
			shellPath = /bin/sh;
			shellScript = "diff \"${PODS_PODFILE_DIR_PATH}/Podfile.lock\" \"${PODS_ROOT}/Manifest.lock\" > /dev/null\nif [ $? != 0 ] ; then\n    # print error to STDERR\n    echo \"error: The sandbox is not in sync with the Podfile.lock. Run 'pod install' or update your CocoaPods installation.\" >&2\n    exit 1\nfi\n# This output is used by Xcode 'outputs' to avoid re-running this script phase.\necho \"SUCCESS\" > \"${SCRIPT_OUTPUT_FILE_0}\"\n";
			showEnvVarsInLog = 0;
		};
/* End PBXShellScriptBuildPhase section */

/* Begin PBXSourcesBuildPhase section */
		344DC7B92926200800D245A2 /* Sources */ = {
			isa = PBXSourcesBuildPhase;
			buildActionMask = 2147483647;
			files = (
				344DC7C42926200800D245A2 /* ChartViewWidget.swift in Sources */,
				344DC7D829266A4500D245A2 /* DietPieChartWidget.swift in Sources */,
			);
			runOnlyForDeploymentPostprocessing = 0;
		};
		3464292A290CF79A0070B425 /* Sources */ = {
			isa = PBXSourcesBuildPhase;
			buildActionMask = 2147483647;
			files = (
				34270E6D290D532900D5AFFD /* ProfileVC.swift in Sources */,
				3460ED83291BCC66002ED662 /* ReportSetGoalCell.swift in Sources */,
				34270E7B290E9A4300D5AFFD /* CaloriesPieChartCell.swift in Sources */,
				34CF7420291660AC009F9264 /* ProfileCell.swift in Sources */,
				34930BBD292487F40037A82E /* ProfileSettingVC.swift in Sources */,
				34C00069291FA32F00670CA4 /* ProfileHomePageVC.swift in Sources */,
				3464294D290D16E00070B425 /* Double+Extension.swift in Sources */,
				34C0006F2922494900670CA4 /* FoodCollectionViewCell.swift in Sources */,
				349B8D8C2918F696002EB186 /* ProfileResponseCell.swift in Sources */,
				349B8D8A2918F66B002EB186 /* ProfileDetailCell.swift in Sources */,
				34CF74122913978D009F9264 /* WaterReminderCell.swift in Sources */,
				34642936290CF79A0070B425 /* DietRecordVC.swift in Sources */,
				3460ED81291BB255002ED662 /* ReportProvider.swift in Sources */,
				34C0005C291C901600670CA4 /* FoodNutritionCell.swift in Sources */,
				3469169429127C510021985F /* ReportDetailCell.swift in Sources */,
				343CD69429111C6E0048046E /* KingFisherWrapper.swift in Sources */,
				34CF74172914C10E009F9264 /* WeightRecordProvider.swift in Sources */,
				3460ED7C291B9748002ED662 /* GoalVC.swift in Sources */,
				34270E6F290D533400D5AFFD /* ReportVC.swift in Sources */,
				34A2B5AE2923898A00E01545 /* ProfileInformationCell.swift in Sources */,
				34270E85290EB97600D5AFFD /* FoodBaseView.swift in Sources */,
				34270EA3290FCED100D5AFFD /* String+Extension.swift in Sources */,
				34C00063291CAB1000670CA4 /* UIViewController+Extension.swift in Sources */,
				34CF7422291660DB009F9264 /* UICollectionView+Extension.swift in Sources */,
				34930BB929238E6F0037A82E /* DietGoalCollectionViewCell.swift in Sources */,
				34CF7428291683D5009F9264 /* ProfileDetailVC.swift in Sources */,
				34270E87290ED41000D5AFFD /* Food.swift in Sources */,
				34CF740B29135BCC009F9264 /* WaterRecordProvider.swift in Sources */,
				34642949290D07B80070B425 /* PieChart.swift in Sources */,
				3469168E291277A40021985F /* ChartXAxis.swift in Sources */,
				34CF740D29135D02009F9264 /* Water.swift in Sources */,
				34CF741A2914ECA7009F9264 /* WeightCell.swift in Sources */,
				349B8D96291A215D002EB186 /* CheckRequestVC.swift in Sources */,
				34270EA52910B51F00D5AFFD /* UITableView+Extension.swift in Sources */,
				34270E9A290FA7D200D5AFFD /* FoodSearchResultCell.swift in Sources */,
				34E2768029309C6400750DAF /* KeyChainSwiftWrapper.swift in Sources */,
				349B8D98291A22CF002EB186 /* RequestCell.swift in Sources */,
				3460ED7A291B7728002ED662 /* ReportAutomaticGoalCell.swift in Sources */,
				3469168C291255860021985F /* ReportBarChartCell.swift in Sources */,
				34270E8B290F7A5700D5AFFD /* DietInputVC.swift in Sources */,
				3464295C290D48650070B425 /* BalloonMarker.swift in Sources */,
				3460ED77291B71AC002ED662 /* SetupGoalVC.swift in Sources */,
				34A2B5A2292337DE00E01545 /* LoginVC.swift in Sources */,
				34CF74152914C0ED009F9264 /* Weight.swift in Sources */,
				34C00065291CE31B00670CA4 /* ChooseDateVC.swift in Sources */,
				349B8D9029193514002EB186 /* User.swift in Sources */,
				34270E9C290FAD7500D5AFFD /* FoodNutrtionVC.swift in Sources */,
				34930BC02924932A0037A82E /* ProfileSettingCell.swift in Sources */,
				34930BBB292470510037A82E /* InitialVC.swift in Sources */,
				34CF7425291661DF009F9264 /* ProfileProvider.swift in Sources */,
				34270E7F290EAD0600D5AFFD /* DietRecordCell.swift in Sources */,
				34270EA1290FC55900D5AFFD /* DietRecordProvider.swift in Sources */,
				34E2767E29308C1D00750DAF /* TokenResponse.swift in Sources */,
				349B8D8E29192E7E002EB186 /* AddFollowingVC.swift in Sources */,
				34E27678293066A200750DAF /* SwiftJWTWrapper.swift in Sources */,
				34A2B5AB292371AB00E01545 /* ProfileInformationVC.swift in Sources */,
				34642950290D1EA20070B425 /* UIColor+Extension.swift in Sources */,
				34642955290D2A290070B425 /* LineChart.swift in Sources */,
				34270E6B290D531F00D5AFFD /* WaterVC.swift in Sources */,
				34CF741D2914F2D7009F9264 /* WeightInputVC.swift in Sources */,
				34270E69290D530700D5AFFD /* WeightVC.swift in Sources */,
				34270E95290F965800D5AFFD /* UIView+Extension.swift in Sources */,
				34270E97290FA32E00D5AFFD /* FoodSearchVC.swift in Sources */,
				34270E91290F810100D5AFFD /* FoodDailyCell.swift in Sources */,
				34642957290D2B2D0070B425 /* DRConstant.swift in Sources */,
				34C00067291E1FD600670CA4 /* WaterHistoryVC.swift in Sources */,
				3460ED7F291B9FAA002ED662 /* Goal.swift in Sources */,
				34CF7410291365DF009F9264 /* WaterInputVC.swift in Sources */,
				34642932290CF79A0070B425 /* AppDelegate.swift in Sources */,
				342270242911063A000B4A58 /* TabBarController.swift in Sources */,
				34C00061291CA43600670CA4 /* UITextField+Extension.swift in Sources */,
				34C0005F291C958800670CA4 /* CommonNameCell.swift in Sources */,
				34C00058291C8EAC00670CA4 /* JGProgressHUDWrapper.swift in Sources */,
				34CF740829135742009F9264 /* TotalWaterCell.swift in Sources */,
				34270E78290D578800D5AFFD /* HealthKitManager.swift in Sources */,
				343CD698291223850048046E /* BarChart.swift in Sources */,
				34642934290CF79A0070B425 /* SceneDelegate.swift in Sources */,
			);
			runOnlyForDeploymentPostprocessing = 0;
		};
/* End PBXSourcesBuildPhase section */

/* Begin PBXTargetDependency section */
		344DC7C92926200800D245A2 /* PBXTargetDependency */ = {
			isa = PBXTargetDependency;
			target = 344DC7BC2926200800D245A2 /* ChartViewWidgetExtension */;
			targetProxy = 344DC7C82926200800D245A2 /* PBXContainerItemProxy */;
		};
/* End PBXTargetDependency section */

/* Begin PBXVariantGroup section */
		34270E5C290D518A00D5AFFD /* Water.storyboard */ = {
			isa = PBXVariantGroup;
			children = (
				34270E5D290D518A00D5AFFD /* Base */,
				34A2B5A7292349FA00E01545 /* zh-Hant */,
			);
			name = Water.storyboard;
			sourceTree = "<group>";
		};
		34270E5F290D51F300D5AFFD /* Weight.storyboard */ = {
			isa = PBXVariantGroup;
			children = (
				34270E60290D51F300D5AFFD /* Base */,
				34A2B5A6292349FA00E01545 /* zh-Hant */,
			);
			name = Weight.storyboard;
			sourceTree = "<group>";
		};
		34270E62290D526500D5AFFD /* DietRecord.storyboard */ = {
			isa = PBXVariantGroup;
			children = (
				34270E63290D526500D5AFFD /* Base */,
				34A2B5A5292349FA00E01545 /* zh-Hant */,
			);
			name = DietRecord.storyboard;
			sourceTree = "<group>";
		};
		34270E65290D529100D5AFFD /* Report.storyboard */ = {
			isa = PBXVariantGroup;
			children = (
				34270E66290D529100D5AFFD /* Base */,
				34A2B5A4292349FA00E01545 /* zh-Hant */,
			);
			name = Report.storyboard;
			sourceTree = "<group>";
		};
		34270E70290D54B700D5AFFD /* Profile.storyboard */ = {
			isa = PBXVariantGroup;
			children = (
				34270E71290D54B700D5AFFD /* Base */,
				34A2B5A3292349FA00E01545 /* zh-Hant */,
			);
			name = Profile.storyboard;
			sourceTree = "<group>";
		};
		34642937290CF79A0070B425 /* Main.storyboard */ = {
			isa = PBXVariantGroup;
			children = (
				34642938290CF79A0070B425 /* Base */,
				34A2B5A9292349FB00E01545 /* zh-Hant */,
			);
			name = Main.storyboard;
			sourceTree = "<group>";
		};
		3464293C290CF79A0070B425 /* LaunchScreen.storyboard */ = {
			isa = PBXVariantGroup;
			children = (
				3464293D290CF79A0070B425 /* Base */,
				34A2B5A8292349FB00E01545 /* zh-Hant */,
			);
			name = LaunchScreen.storyboard;
			sourceTree = "<group>";
		};
/* End PBXVariantGroup section */

/* Begin XCBuildConfiguration section */
		344DC7CC2926200800D245A2 /* Debug */ = {
			isa = XCBuildConfiguration;
			buildSettings = {
				ASSETCATALOG_COMPILER_GLOBAL_ACCENT_COLOR_NAME = AccentColor;
				ASSETCATALOG_COMPILER_WIDGET_BACKGROUND_COLOR_NAME = WidgetBackground;
				CODE_SIGN_ENTITLEMENTS = ChartViewWidgetExtension.entitlements;
				CODE_SIGN_STYLE = Automatic;
				CURRENT_PROJECT_VERSION = 1;
				DEVELOPMENT_TEAM = 3JB8UHPNGJ;
				GENERATE_INFOPLIST_FILE = YES;
				INFOPLIST_FILE = ChartViewWidget/Info.plist;
				INFOPLIST_KEY_CFBundleDisplayName = ChartViewWidget;
				INFOPLIST_KEY_NSHumanReadableCopyright = "";
				INFOPLIST_KEY_UIUserInterfaceStyle = Light;
				IPHONEOS_DEPLOYMENT_TARGET = 14.0;
				LD_RUNPATH_SEARCH_PATHS = (
					"$(inherited)",
					"@executable_path/Frameworks",
					"@executable_path/../../Frameworks",
				);
				MARKETING_VERSION = 0.4.0;
				PRODUCT_BUNDLE_IDENTIFIER = com.Chun.DietRecord.ChartViewWidget;
				PRODUCT_NAME = "$(TARGET_NAME)";
				SKIP_INSTALL = YES;
				SWIFT_EMIT_LOC_STRINGS = YES;
				SWIFT_VERSION = 5.0;
				TARGETED_DEVICE_FAMILY = "1,2";
			};
			name = Debug;
		};
		344DC7CD2926200800D245A2 /* Release */ = {
			isa = XCBuildConfiguration;
			buildSettings = {
				ASSETCATALOG_COMPILER_GLOBAL_ACCENT_COLOR_NAME = AccentColor;
				ASSETCATALOG_COMPILER_WIDGET_BACKGROUND_COLOR_NAME = WidgetBackground;
				CODE_SIGN_ENTITLEMENTS = ChartViewWidgetExtension.entitlements;
				CODE_SIGN_STYLE = Automatic;
				CURRENT_PROJECT_VERSION = 1;
				DEVELOPMENT_TEAM = 3JB8UHPNGJ;
				GENERATE_INFOPLIST_FILE = YES;
				INFOPLIST_FILE = ChartViewWidget/Info.plist;
				INFOPLIST_KEY_CFBundleDisplayName = ChartViewWidget;
				INFOPLIST_KEY_NSHumanReadableCopyright = "";
				INFOPLIST_KEY_UIUserInterfaceStyle = Light;
				IPHONEOS_DEPLOYMENT_TARGET = 14.0;
				LD_RUNPATH_SEARCH_PATHS = (
					"$(inherited)",
					"@executable_path/Frameworks",
					"@executable_path/../../Frameworks",
				);
				MARKETING_VERSION = 0.4.0;
				PRODUCT_BUNDLE_IDENTIFIER = com.Chun.DietRecord.ChartViewWidget;
				PRODUCT_NAME = "$(TARGET_NAME)";
				SKIP_INSTALL = YES;
				SWIFT_EMIT_LOC_STRINGS = YES;
				SWIFT_VERSION = 5.0;
				TARGETED_DEVICE_FAMILY = "1,2";
			};
			name = Release;
		};
		34642940290CF79A0070B425 /* Debug */ = {
			isa = XCBuildConfiguration;
			buildSettings = {
				ALWAYS_SEARCH_USER_PATHS = NO;
				CLANG_ANALYZER_LOCALIZABILITY_NONLOCALIZED = YES;
				CLANG_ANALYZER_NONNULL = YES;
				CLANG_ANALYZER_NUMBER_OBJECT_CONVERSION = YES_AGGRESSIVE;
				CLANG_CXX_LANGUAGE_STANDARD = "gnu++17";
				CLANG_ENABLE_MODULES = YES;
				CLANG_ENABLE_OBJC_ARC = YES;
				CLANG_ENABLE_OBJC_WEAK = YES;
				CLANG_WARN_BLOCK_CAPTURE_AUTORELEASING = YES;
				CLANG_WARN_BOOL_CONVERSION = YES;
				CLANG_WARN_COMMA = YES;
				CLANG_WARN_CONSTANT_CONVERSION = YES;
				CLANG_WARN_DEPRECATED_OBJC_IMPLEMENTATIONS = YES;
				CLANG_WARN_DIRECT_OBJC_ISA_USAGE = YES_ERROR;
				CLANG_WARN_DOCUMENTATION_COMMENTS = YES;
				CLANG_WARN_EMPTY_BODY = YES;
				CLANG_WARN_ENUM_CONVERSION = YES;
				CLANG_WARN_INFINITE_RECURSION = YES;
				CLANG_WARN_INT_CONVERSION = YES;
				CLANG_WARN_NON_LITERAL_NULL_CONVERSION = YES;
				CLANG_WARN_OBJC_IMPLICIT_RETAIN_SELF = YES;
				CLANG_WARN_OBJC_LITERAL_CONVERSION = YES;
				CLANG_WARN_OBJC_ROOT_CLASS = YES_ERROR;
				CLANG_WARN_QUOTED_INCLUDE_IN_FRAMEWORK_HEADER = YES;
				CLANG_WARN_RANGE_LOOP_ANALYSIS = YES;
				CLANG_WARN_STRICT_PROTOTYPES = YES;
				CLANG_WARN_SUSPICIOUS_MOVE = YES;
				CLANG_WARN_UNGUARDED_AVAILABILITY = YES_AGGRESSIVE;
				CLANG_WARN_UNREACHABLE_CODE = YES;
				CLANG_WARN__DUPLICATE_METHOD_MATCH = YES;
				COPY_PHASE_STRIP = NO;
				DEBUG_INFORMATION_FORMAT = dwarf;
				ENABLE_STRICT_OBJC_MSGSEND = YES;
				ENABLE_TESTABILITY = YES;
				GCC_C_LANGUAGE_STANDARD = gnu11;
				GCC_DYNAMIC_NO_PIC = NO;
				GCC_NO_COMMON_BLOCKS = YES;
				GCC_OPTIMIZATION_LEVEL = 0;
				GCC_PREPROCESSOR_DEFINITIONS = (
					"DEBUG=1",
					"$(inherited)",
				);
				GCC_WARN_64_TO_32_BIT_CONVERSION = YES;
				GCC_WARN_ABOUT_RETURN_TYPE = YES_ERROR;
				GCC_WARN_UNDECLARED_SELECTOR = YES;
				GCC_WARN_UNINITIALIZED_AUTOS = YES_AGGRESSIVE;
				GCC_WARN_UNUSED_FUNCTION = YES;
				GCC_WARN_UNUSED_VARIABLE = YES;
				IPHONEOS_DEPLOYMENT_TARGET = 15.5;
				MTL_ENABLE_DEBUG_INFO = INCLUDE_SOURCE;
				MTL_FAST_MATH = YES;
				ONLY_ACTIVE_ARCH = YES;
				SDKROOT = iphoneos;
				SWIFT_ACTIVE_COMPILATION_CONDITIONS = DEBUG;
				SWIFT_OPTIMIZATION_LEVEL = "-Onone";
			};
			name = Debug;
		};
		34642941290CF79A0070B425 /* Release */ = {
			isa = XCBuildConfiguration;
			buildSettings = {
				ALWAYS_SEARCH_USER_PATHS = NO;
				CLANG_ANALYZER_LOCALIZABILITY_NONLOCALIZED = YES;
				CLANG_ANALYZER_NONNULL = YES;
				CLANG_ANALYZER_NUMBER_OBJECT_CONVERSION = YES_AGGRESSIVE;
				CLANG_CXX_LANGUAGE_STANDARD = "gnu++17";
				CLANG_ENABLE_MODULES = YES;
				CLANG_ENABLE_OBJC_ARC = YES;
				CLANG_ENABLE_OBJC_WEAK = YES;
				CLANG_WARN_BLOCK_CAPTURE_AUTORELEASING = YES;
				CLANG_WARN_BOOL_CONVERSION = YES;
				CLANG_WARN_COMMA = YES;
				CLANG_WARN_CONSTANT_CONVERSION = YES;
				CLANG_WARN_DEPRECATED_OBJC_IMPLEMENTATIONS = YES;
				CLANG_WARN_DIRECT_OBJC_ISA_USAGE = YES_ERROR;
				CLANG_WARN_DOCUMENTATION_COMMENTS = YES;
				CLANG_WARN_EMPTY_BODY = YES;
				CLANG_WARN_ENUM_CONVERSION = YES;
				CLANG_WARN_INFINITE_RECURSION = YES;
				CLANG_WARN_INT_CONVERSION = YES;
				CLANG_WARN_NON_LITERAL_NULL_CONVERSION = YES;
				CLANG_WARN_OBJC_IMPLICIT_RETAIN_SELF = YES;
				CLANG_WARN_OBJC_LITERAL_CONVERSION = YES;
				CLANG_WARN_OBJC_ROOT_CLASS = YES_ERROR;
				CLANG_WARN_QUOTED_INCLUDE_IN_FRAMEWORK_HEADER = YES;
				CLANG_WARN_RANGE_LOOP_ANALYSIS = YES;
				CLANG_WARN_STRICT_PROTOTYPES = YES;
				CLANG_WARN_SUSPICIOUS_MOVE = YES;
				CLANG_WARN_UNGUARDED_AVAILABILITY = YES_AGGRESSIVE;
				CLANG_WARN_UNREACHABLE_CODE = YES;
				CLANG_WARN__DUPLICATE_METHOD_MATCH = YES;
				COPY_PHASE_STRIP = NO;
				DEBUG_INFORMATION_FORMAT = "dwarf-with-dsym";
				ENABLE_NS_ASSERTIONS = NO;
				ENABLE_STRICT_OBJC_MSGSEND = YES;
				GCC_C_LANGUAGE_STANDARD = gnu11;
				GCC_NO_COMMON_BLOCKS = YES;
				GCC_WARN_64_TO_32_BIT_CONVERSION = YES;
				GCC_WARN_ABOUT_RETURN_TYPE = YES_ERROR;
				GCC_WARN_UNDECLARED_SELECTOR = YES;
				GCC_WARN_UNINITIALIZED_AUTOS = YES_AGGRESSIVE;
				GCC_WARN_UNUSED_FUNCTION = YES;
				GCC_WARN_UNUSED_VARIABLE = YES;
				IPHONEOS_DEPLOYMENT_TARGET = 15.5;
				MTL_ENABLE_DEBUG_INFO = NO;
				MTL_FAST_MATH = YES;
				SDKROOT = iphoneos;
				SWIFT_COMPILATION_MODE = wholemodule;
				SWIFT_OPTIMIZATION_LEVEL = "-O";
				VALIDATE_PRODUCT = YES;
			};
			name = Release;
		};
		34642943290CF79A0070B425 /* Debug */ = {
			isa = XCBuildConfiguration;
			baseConfigurationReference = 0F70E0A7FBB5357DB1F3479B /* Pods-DietRecord.debug.xcconfig */;
			buildSettings = {
				ALWAYS_EMBED_SWIFT_STANDARD_LIBRARIES = YES;
				ASSETCATALOG_COMPILER_APPICON_NAME = AppIcon;
				ASSETCATALOG_COMPILER_GLOBAL_ACCENT_COLOR_NAME = AccentColor;
				CODE_SIGN_ENTITLEMENTS = DietRecord/DietRecord.entitlements;
				CODE_SIGN_STYLE = Automatic;
				CURRENT_PROJECT_VERSION = 1;
				DEBUG_INFORMATION_FORMAT = "dwarf-with-dsym";
				DEVELOPMENT_TEAM = 3JB8UHPNGJ;
				GENERATE_INFOPLIST_FILE = YES;
				INFOPLIST_FILE = DietRecord/Info.plist;
				INFOPLIST_KEY_NSCameraUsageDescription = "食話實說欲取用您的相機權限，使您可以在此App中上傳您拍攝的照片";
				INFOPLIST_KEY_NSHealthShareUsageDescription = "食話實說欲取用您健康App內的體重記錄，讓您可以在此App內完整查看過去的體重記錄";
				INFOPLIST_KEY_NSHealthUpdateUsageDescription = "食話實說欲將透過App新增的體重記錄同步寫入健康App，讓您可以更完整的保存體重記錄";
				INFOPLIST_KEY_NSPhotoLibraryUsageDescription = "食話實說欲取用相簿權限，使您可以將相簿內的照片上傳至此App中";
				INFOPLIST_KEY_UIApplicationSupportsIndirectInputEvents = YES;
				INFOPLIST_KEY_UILaunchStoryboardName = LaunchScreen;
				INFOPLIST_KEY_UIMainStoryboardFile = Main;
				INFOPLIST_KEY_UIRequiresFullScreen = YES;
				INFOPLIST_KEY_UISupportedInterfaceOrientations = UIInterfaceOrientationPortrait;
				INFOPLIST_KEY_UISupportedInterfaceOrientations_iPad = UIInterfaceOrientationPortrait;
				INFOPLIST_KEY_UISupportedInterfaceOrientations_iPhone = UIInterfaceOrientationPortrait;
				INFOPLIST_KEY_UIUserInterfaceStyle = Light;
				IPHONEOS_DEPLOYMENT_TARGET = 14.0;
				LD_RUNPATH_SEARCH_PATHS = (
					"$(inherited)",
					"@executable_path/Frameworks",
				);
				MARKETING_VERSION = 1.0.0;
				PRODUCT_BUNDLE_IDENTIFIER = com.Chun.DietRecord;
				PRODUCT_NAME = "$(TARGET_NAME)";
				SWIFT_EMIT_LOC_STRINGS = YES;
				SWIFT_VERSION = 5.0;
				TARGETED_DEVICE_FAMILY = "1,2";
			};
			name = Debug;
		};
		34642944290CF79A0070B425 /* Release */ = {
			isa = XCBuildConfiguration;
			baseConfigurationReference = 1AFFCECFF9E58FBA689E2C5A /* Pods-DietRecord.release.xcconfig */;
			buildSettings = {
				ALWAYS_EMBED_SWIFT_STANDARD_LIBRARIES = YES;
				ASSETCATALOG_COMPILER_APPICON_NAME = AppIcon;
				ASSETCATALOG_COMPILER_GLOBAL_ACCENT_COLOR_NAME = AccentColor;
				CODE_SIGN_ENTITLEMENTS = DietRecord/DietRecord.entitlements;
				CODE_SIGN_STYLE = Automatic;
				CURRENT_PROJECT_VERSION = 1;
				DEVELOPMENT_TEAM = 3JB8UHPNGJ;
				GENERATE_INFOPLIST_FILE = YES;
				INFOPLIST_FILE = DietRecord/Info.plist;
				INFOPLIST_KEY_NSCameraUsageDescription = "食話實說欲取用您的相機權限，使您可以在此App中上傳您拍攝的照片";
				INFOPLIST_KEY_NSHealthShareUsageDescription = "食話實說欲取用您健康App內的體重記錄，讓您可以在此App內完整查看過去的體重記錄";
				INFOPLIST_KEY_NSHealthUpdateUsageDescription = "食話實說欲將透過App新增的體重記錄同步寫入健康App，讓您可以更完整的保存體重記錄";
				INFOPLIST_KEY_NSPhotoLibraryUsageDescription = "食話實說欲取用相簿權限，使您可以將相簿內的照片上傳至此App中";
				INFOPLIST_KEY_UIApplicationSupportsIndirectInputEvents = YES;
				INFOPLIST_KEY_UILaunchStoryboardName = LaunchScreen;
				INFOPLIST_KEY_UIMainStoryboardFile = Main;
				INFOPLIST_KEY_UIRequiresFullScreen = YES;
				INFOPLIST_KEY_UISupportedInterfaceOrientations = UIInterfaceOrientationPortrait;
				INFOPLIST_KEY_UISupportedInterfaceOrientations_iPad = UIInterfaceOrientationPortrait;
				INFOPLIST_KEY_UISupportedInterfaceOrientations_iPhone = UIInterfaceOrientationPortrait;
				INFOPLIST_KEY_UIUserInterfaceStyle = Light;
				IPHONEOS_DEPLOYMENT_TARGET = 14.0;
				LD_RUNPATH_SEARCH_PATHS = (
					"$(inherited)",
					"@executable_path/Frameworks",
				);
				MARKETING_VERSION = 1.0.0;
				PRODUCT_BUNDLE_IDENTIFIER = com.Chun.DietRecord;
				PRODUCT_NAME = "$(TARGET_NAME)";
				SWIFT_EMIT_LOC_STRINGS = YES;
				SWIFT_VERSION = 5.0;
				TARGETED_DEVICE_FAMILY = "1,2";
			};
			name = Release;
		};
/* End XCBuildConfiguration section */

/* Begin XCConfigurationList section */
		344DC7CE2926200800D245A2 /* Build configuration list for PBXNativeTarget "ChartViewWidgetExtension" */ = {
			isa = XCConfigurationList;
			buildConfigurations = (
				344DC7CC2926200800D245A2 /* Debug */,
				344DC7CD2926200800D245A2 /* Release */,
			);
			defaultConfigurationIsVisible = 0;
			defaultConfigurationName = Release;
		};
		34642929290CF79A0070B425 /* Build configuration list for PBXProject "DietRecord" */ = {
			isa = XCConfigurationList;
			buildConfigurations = (
				34642940290CF79A0070B425 /* Debug */,
				34642941290CF79A0070B425 /* Release */,
			);
			defaultConfigurationIsVisible = 0;
			defaultConfigurationName = Release;
		};
		34642942290CF79A0070B425 /* Build configuration list for PBXNativeTarget "DietRecord" */ = {
			isa = XCConfigurationList;
			buildConfigurations = (
				34642943290CF79A0070B425 /* Debug */,
				34642944290CF79A0070B425 /* Release */,
			);
			defaultConfigurationIsVisible = 0;
			defaultConfigurationName = Release;
		};
/* End XCConfigurationList section */
	};
	rootObject = 34642926290CF79A0070B425 /* Project object */;
}
