// !$*UTF8*$!
{
	archiveVersion = 1;
	classes = {
	};
	objectVersion = 55;
	objects = {

/* Begin PBXBuildFile section */
		34270E5E290D518A00D5AFFD /* Water.storyboard in Resources */ = {isa = PBXBuildFile; fileRef = 34270E5C290D518A00D5AFFD /* Water.storyboard */; };
		34270E61290D51F300D5AFFD /* Weight.storyboard in Resources */ = {isa = PBXBuildFile; fileRef = 34270E5F290D51F300D5AFFD /* Weight.storyboard */; };
		34270E64290D526500D5AFFD /* DietRecord.storyboard in Resources */ = {isa = PBXBuildFile; fileRef = 34270E62290D526500D5AFFD /* DietRecord.storyboard */; };
		34270E67290D529100D5AFFD /* Report.storyboard in Resources */ = {isa = PBXBuildFile; fileRef = 34270E65290D529100D5AFFD /* Report.storyboard */; };
		34270E69290D530700D5AFFD /* WeightVC.swift in Sources */ = {isa = PBXBuildFile; fileRef = 34270E68290D530700D5AFFD /* WeightVC.swift */; };
		34270E6B290D531F00D5AFFD /* WaterVC.swift in Sources */ = {isa = PBXBuildFile; fileRef = 34270E6A290D531F00D5AFFD /* WaterVC.swift */; };
		34270E6D290D532900D5AFFD /* ProfileVC.swift in Sources */ = {isa = PBXBuildFile; fileRef = 34270E6C290D532900D5AFFD /* ProfileVC.swift */; };
		34270E6F290D533400D5AFFD /* ReportVC.swift in Sources */ = {isa = PBXBuildFile; fileRef = 34270E6E290D533400D5AFFD /* ReportVC.swift */; };
		34270E72290D54B700D5AFFD /* Profile.storyboard in Resources */ = {isa = PBXBuildFile; fileRef = 34270E70290D54B700D5AFFD /* Profile.storyboard */; };
		34270E75290D566D00D5AFFD /* HealthKit.framework in Frameworks */ = {isa = PBXBuildFile; fileRef = 34270E74290D566D00D5AFFD /* HealthKit.framework */; };
		34270E78290D578800D5AFFD /* HealthKitManager.swift in Sources */ = {isa = PBXBuildFile; fileRef = 34270E77290D578800D5AFFD /* HealthKitManager.swift */; };
		34270E7B290E9A4300D5AFFD /* CaloriesPieChartCell.swift in Sources */ = {isa = PBXBuildFile; fileRef = 34270E7A290E9A4300D5AFFD /* CaloriesPieChartCell.swift */; };
		34270E7D290E9BFC00D5AFFD /* CaloriesPieChartCell.xib in Resources */ = {isa = PBXBuildFile; fileRef = 34270E7C290E9BFC00D5AFFD /* CaloriesPieChartCell.xib */; };
		34270E7F290EAD0600D5AFFD /* DietRecoedCell.swift in Sources */ = {isa = PBXBuildFile; fileRef = 34270E7E290EAD0600D5AFFD /* DietRecoedCell.swift */; };
		34270E81290EAD1400D5AFFD /* DietRecordCell.xib in Resources */ = {isa = PBXBuildFile; fileRef = 34270E80290EAD1400D5AFFD /* DietRecordCell.xib */; };
		34642932290CF79A0070B425 /* AppDelegate.swift in Sources */ = {isa = PBXBuildFile; fileRef = 34642931290CF79A0070B425 /* AppDelegate.swift */; };
		34642934290CF79A0070B425 /* SceneDelegate.swift in Sources */ = {isa = PBXBuildFile; fileRef = 34642933290CF79A0070B425 /* SceneDelegate.swift */; };
		34642936290CF79A0070B425 /* DietRecordVC.swift in Sources */ = {isa = PBXBuildFile; fileRef = 34642935290CF79A0070B425 /* DietRecordVC.swift */; };
		34642939290CF79A0070B425 /* Main.storyboard in Resources */ = {isa = PBXBuildFile; fileRef = 34642937290CF79A0070B425 /* Main.storyboard */; };
		3464293B290CF79A0070B425 /* Assets.xcassets in Resources */ = {isa = PBXBuildFile; fileRef = 3464293A290CF79A0070B425 /* Assets.xcassets */; };
		3464293E290CF79A0070B425 /* LaunchScreen.storyboard in Resources */ = {isa = PBXBuildFile; fileRef = 3464293C290CF79A0070B425 /* LaunchScreen.storyboard */; };
		34642946290D01990070B425 /* GoogleService-Info.plist in Resources */ = {isa = PBXBuildFile; fileRef = 34642945290D01990070B425 /* GoogleService-Info.plist */; };
		34642949290D07B80070B425 /* PieChart.swift in Sources */ = {isa = PBXBuildFile; fileRef = 34642948290D07B80070B425 /* PieChart.swift */; };
		3464294D290D16E00070B425 /* Double+Extension.swift in Sources */ = {isa = PBXBuildFile; fileRef = 3464294C290D16E00070B425 /* Double+Extension.swift */; };
		34642950290D1EA20070B425 /* UIColor+Extension.swift in Sources */ = {isa = PBXBuildFile; fileRef = 3464294F290D1EA20070B425 /* UIColor+Extension.swift */; };
		34642955290D2A290070B425 /* LineChart.swift in Sources */ = {isa = PBXBuildFile; fileRef = 34642954290D2A290070B425 /* LineChart.swift */; };
		34642957290D2B2D0070B425 /* DRConstant.swift in Sources */ = {isa = PBXBuildFile; fileRef = 34642956290D2B2D0070B425 /* DRConstant.swift */; };
		3464295C290D48650070B425 /* BalloonMarker.swift in Sources */ = {isa = PBXBuildFile; fileRef = 3464295B290D48650070B425 /* BalloonMarker.swift */; };
		A3CC9B929204A0FF53BAEF40 /* Pods_DietRecord.framework in Frameworks */ = {isa = PBXBuildFile; fileRef = 6D4D44BAAC8460562389C130 /* Pods_DietRecord.framework */; };
/* End PBXBuildFile section */

/* Begin PBXFileReference section */
		0F70E0A7FBB5357DB1F3479B /* Pods-DietRecord.debug.xcconfig */ = {isa = PBXFileReference; includeInIndex = 1; lastKnownFileType = text.xcconfig; name = "Pods-DietRecord.debug.xcconfig"; path = "Target Support Files/Pods-DietRecord/Pods-DietRecord.debug.xcconfig"; sourceTree = "<group>"; };
		1AFFCECFF9E58FBA689E2C5A /* Pods-DietRecord.release.xcconfig */ = {isa = PBXFileReference; includeInIndex = 1; lastKnownFileType = text.xcconfig; name = "Pods-DietRecord.release.xcconfig"; path = "Target Support Files/Pods-DietRecord/Pods-DietRecord.release.xcconfig"; sourceTree = "<group>"; };
		34270E5D290D518A00D5AFFD /* Base */ = {isa = PBXFileReference; lastKnownFileType = file.storyboard; name = Base; path = Base.lproj/Water.storyboard; sourceTree = "<group>"; };
		34270E60290D51F300D5AFFD /* Base */ = {isa = PBXFileReference; lastKnownFileType = file.storyboard; name = Base; path = Base.lproj/Weight.storyboard; sourceTree = "<group>"; };
		34270E63290D526500D5AFFD /* Base */ = {isa = PBXFileReference; lastKnownFileType = file.storyboard; name = Base; path = Base.lproj/DietRecord.storyboard; sourceTree = "<group>"; };
		34270E66290D529100D5AFFD /* Base */ = {isa = PBXFileReference; lastKnownFileType = file.storyboard; name = Base; path = Base.lproj/Report.storyboard; sourceTree = "<group>"; };
		34270E68290D530700D5AFFD /* WeightVC.swift */ = {isa = PBXFileReference; lastKnownFileType = sourcecode.swift; path = WeightVC.swift; sourceTree = "<group>"; };
		34270E6A290D531F00D5AFFD /* WaterVC.swift */ = {isa = PBXFileReference; lastKnownFileType = sourcecode.swift; path = WaterVC.swift; sourceTree = "<group>"; };
		34270E6C290D532900D5AFFD /* ProfileVC.swift */ = {isa = PBXFileReference; lastKnownFileType = sourcecode.swift; path = ProfileVC.swift; sourceTree = "<group>"; };
		34270E6E290D533400D5AFFD /* ReportVC.swift */ = {isa = PBXFileReference; lastKnownFileType = sourcecode.swift; path = ReportVC.swift; sourceTree = "<group>"; };
		34270E71290D54B700D5AFFD /* Base */ = {isa = PBXFileReference; lastKnownFileType = file.storyboard; name = Base; path = Base.lproj/Profile.storyboard; sourceTree = "<group>"; };
		34270E73290D566D00D5AFFD /* DietRecord.entitlements */ = {isa = PBXFileReference; lastKnownFileType = text.plist.entitlements; path = DietRecord.entitlements; sourceTree = "<group>"; };
		34270E74290D566D00D5AFFD /* HealthKit.framework */ = {isa = PBXFileReference; lastKnownFileType = wrapper.framework; name = HealthKit.framework; path = System/Library/Frameworks/HealthKit.framework; sourceTree = SDKROOT; };
		34270E77290D578800D5AFFD /* HealthKitManager.swift */ = {isa = PBXFileReference; fileEncoding = 4; lastKnownFileType = sourcecode.swift; path = HealthKitManager.swift; sourceTree = "<group>"; };
		34270E7A290E9A4300D5AFFD /* CaloriesPieChartCell.swift */ = {isa = PBXFileReference; lastKnownFileType = sourcecode.swift; path = CaloriesPieChartCell.swift; sourceTree = "<group>"; };
		34270E7C290E9BFC00D5AFFD /* CaloriesPieChartCell.xib */ = {isa = PBXFileReference; lastKnownFileType = file.xib; path = CaloriesPieChartCell.xib; sourceTree = "<group>"; };
		34270E7E290EAD0600D5AFFD /* DietRecoedCell.swift */ = {isa = PBXFileReference; lastKnownFileType = sourcecode.swift; path = DietRecoedCell.swift; sourceTree = "<group>"; };
		34270E80290EAD1400D5AFFD /* DietRecordCell.xib */ = {isa = PBXFileReference; lastKnownFileType = file.xib; path = DietRecordCell.xib; sourceTree = "<group>"; };
		3464292E290CF79A0070B425 /* DietRecord.app */ = {isa = PBXFileReference; explicitFileType = wrapper.application; includeInIndex = 0; path = DietRecord.app; sourceTree = BUILT_PRODUCTS_DIR; };
		34642931290CF79A0070B425 /* AppDelegate.swift */ = {isa = PBXFileReference; lastKnownFileType = sourcecode.swift; path = AppDelegate.swift; sourceTree = "<group>"; };
		34642933290CF79A0070B425 /* SceneDelegate.swift */ = {isa = PBXFileReference; lastKnownFileType = sourcecode.swift; path = SceneDelegate.swift; sourceTree = "<group>"; };
		34642935290CF79A0070B425 /* DietRecordVC.swift */ = {isa = PBXFileReference; lastKnownFileType = sourcecode.swift; path = DietRecordVC.swift; sourceTree = "<group>"; };
		34642938290CF79A0070B425 /* Base */ = {isa = PBXFileReference; lastKnownFileType = file.storyboard; name = Base; path = Base.lproj/Main.storyboard; sourceTree = "<group>"; };
		3464293A290CF79A0070B425 /* Assets.xcassets */ = {isa = PBXFileReference; lastKnownFileType = folder.assetcatalog; path = Assets.xcassets; sourceTree = "<group>"; };
		3464293D290CF79A0070B425 /* Base */ = {isa = PBXFileReference; lastKnownFileType = file.storyboard; name = Base; path = Base.lproj/LaunchScreen.storyboard; sourceTree = "<group>"; };
		3464293F290CF79A0070B425 /* Info.plist */ = {isa = PBXFileReference; lastKnownFileType = text.plist.xml; path = Info.plist; sourceTree = "<group>"; };
		34642945290D01990070B425 /* GoogleService-Info.plist */ = {isa = PBXFileReference; fileEncoding = 4; lastKnownFileType = text.plist.xml; path = "GoogleService-Info.plist"; sourceTree = "<group>"; };
		34642948290D07B80070B425 /* PieChart.swift */ = {isa = PBXFileReference; lastKnownFileType = sourcecode.swift; path = PieChart.swift; sourceTree = "<group>"; };
		3464294C290D16E00070B425 /* Double+Extension.swift */ = {isa = PBXFileReference; lastKnownFileType = sourcecode.swift; path = "Double+Extension.swift"; sourceTree = "<group>"; };
		3464294F290D1EA20070B425 /* UIColor+Extension.swift */ = {isa = PBXFileReference; lastKnownFileType = sourcecode.swift; path = "UIColor+Extension.swift"; sourceTree = "<group>"; };
		34642954290D2A290070B425 /* LineChart.swift */ = {isa = PBXFileReference; lastKnownFileType = sourcecode.swift; path = LineChart.swift; sourceTree = "<group>"; };
		34642956290D2B2D0070B425 /* DRConstant.swift */ = {isa = PBXFileReference; lastKnownFileType = sourcecode.swift; path = DRConstant.swift; sourceTree = "<group>"; };
		3464295B290D48650070B425 /* BalloonMarker.swift */ = {isa = PBXFileReference; lastKnownFileType = sourcecode.swift; path = BalloonMarker.swift; sourceTree = "<group>"; };
		6D4D44BAAC8460562389C130 /* Pods_DietRecord.framework */ = {isa = PBXFileReference; explicitFileType = wrapper.framework; includeInIndex = 0; path = Pods_DietRecord.framework; sourceTree = BUILT_PRODUCTS_DIR; };
/* End PBXFileReference section */

/* Begin PBXFrameworksBuildPhase section */
		3464292B290CF79A0070B425 /* Frameworks */ = {
			isa = PBXFrameworksBuildPhase;
			buildActionMask = 2147483647;
			files = (
				A3CC9B929204A0FF53BAEF40 /* Pods_DietRecord.framework in Frameworks */,
				34270E75290D566D00D5AFFD /* HealthKit.framework in Frameworks */,
			);
			runOnlyForDeploymentPostprocessing = 0;
		};
/* End PBXFrameworksBuildPhase section */

/* Begin PBXGroup section */
		34270E76290D576B00D5AFFD /* Model */ = {
			isa = PBXGroup;
			children = (
				34270E77290D578800D5AFFD /* HealthKitManager.swift */,
			);
			path = Model;
			sourceTree = "<group>";
		};
		34270E79290E977E00D5AFFD /* DietRecord */ = {
			isa = PBXGroup;
			children = (
				34270E7A290E9A4300D5AFFD /* CaloriesPieChartCell.swift */,
				34270E7C290E9BFC00D5AFFD /* CaloriesPieChartCell.xib */,
				34270E7E290EAD0600D5AFFD /* DietRecoedCell.swift */,
				34270E80290EAD1400D5AFFD /* DietRecordCell.xib */,
			);
			path = DietRecord;
			sourceTree = "<group>";
		};
		34642925290CF79A0070B425 = {
			isa = PBXGroup;
			children = (
				34642930290CF79A0070B425 /* DietRecord */,
				3464292F290CF79A0070B425 /* Products */,
				D68BFFBBA7D721B67E087B17 /* Pods */,
				CC8EFD0C720311DCA1A8582C /* Frameworks */,
			);
			sourceTree = "<group>";
		};
		3464292F290CF79A0070B425 /* Products */ = {
			isa = PBXGroup;
			children = (
				3464292E290CF79A0070B425 /* DietRecord.app */,
			);
			name = Products;
			sourceTree = "<group>";
		};
		34642930290CF79A0070B425 /* DietRecord */ = {
			isa = PBXGroup;
			children = (
				34270E73290D566D00D5AFFD /* DietRecord.entitlements */,
				34642945290D01990070B425 /* GoogleService-Info.plist */,
				34642931290CF79A0070B425 /* AppDelegate.swift */,
				34642933290CF79A0070B425 /* SceneDelegate.swift */,
				34642951290D23030070B425 /* Resource */,
				3464294E290D1E8E0070B425 /* Extension */,
				34270E76290D576B00D5AFFD /* Model */,
				34642953290D28500070B425 /* Controller */,
				34642952290D28340070B425 /* View */,
				3464293F290CF79A0070B425 /* Info.plist */,
			);
			path = DietRecord;
			sourceTree = "<group>";
		};
		34642947290D077E0070B425 /* Charts */ = {
			isa = PBXGroup;
			children = (
				34642948290D07B80070B425 /* PieChart.swift */,
				3464295A290D48400070B425 /* LineChart */,
			);
			path = Charts;
			sourceTree = "<group>";
		};
		3464294E290D1E8E0070B425 /* Extension */ = {
			isa = PBXGroup;
			children = (
				3464294C290D16E00070B425 /* Double+Extension.swift */,
				3464294F290D1EA20070B425 /* UIColor+Extension.swift */,
			);
			path = Extension;
			sourceTree = "<group>";
		};
		34642951290D23030070B425 /* Resource */ = {
			isa = PBXGroup;
			children = (
				34642956290D2B2D0070B425 /* DRConstant.swift */,
				3464293A290CF79A0070B425 /* Assets.xcassets */,
			);
			path = Resource;
			sourceTree = "<group>";
		};
		34642952290D28340070B425 /* View */ = {
			isa = PBXGroup;
			children = (
				34270E79290E977E00D5AFFD /* DietRecord */,
				34642947290D077E0070B425 /* Charts */,
				34270E70290D54B700D5AFFD /* Profile.storyboard */,
				34270E65290D529100D5AFFD /* Report.storyboard */,
				34270E62290D526500D5AFFD /* DietRecord.storyboard */,
				34270E5F290D51F300D5AFFD /* Weight.storyboard */,
				34270E5C290D518A00D5AFFD /* Water.storyboard */,
				3464293C290CF79A0070B425 /* LaunchScreen.storyboard */,
				34642937290CF79A0070B425 /* Main.storyboard */,
			);
			path = View;
			sourceTree = "<group>";
		};
		34642953290D28500070B425 /* Controller */ = {
			isa = PBXGroup;
			children = (
				34642935290CF79A0070B425 /* DietRecordVC.swift */,
				34270E68290D530700D5AFFD /* WeightVC.swift */,
				34270E6A290D531F00D5AFFD /* WaterVC.swift */,
				34270E6C290D532900D5AFFD /* ProfileVC.swift */,
				34270E6E290D533400D5AFFD /* ReportVC.swift */,
			);
			path = Controller;
			sourceTree = "<group>";
		};
		3464295A290D48400070B425 /* LineChart */ = {
			isa = PBXGroup;
			children = (
				34642954290D2A290070B425 /* LineChart.swift */,
				3464295B290D48650070B425 /* BalloonMarker.swift */,
			);
			path = LineChart;
			sourceTree = "<group>";
		};
		CC8EFD0C720311DCA1A8582C /* Frameworks */ = {
			isa = PBXGroup;
			children = (
				34270E74290D566D00D5AFFD /* HealthKit.framework */,
				6D4D44BAAC8460562389C130 /* Pods_DietRecord.framework */,
			);
			name = Frameworks;
			sourceTree = "<group>";
		};
		D68BFFBBA7D721B67E087B17 /* Pods */ = {
			isa = PBXGroup;
			children = (
				0F70E0A7FBB5357DB1F3479B /* Pods-DietRecord.debug.xcconfig */,
				1AFFCECFF9E58FBA689E2C5A /* Pods-DietRecord.release.xcconfig */,
			);
			path = Pods;
			sourceTree = "<group>";
		};
/* End PBXGroup section */

/* Begin PBXNativeTarget section */
		3464292D290CF79A0070B425 /* DietRecord */ = {
			isa = PBXNativeTarget;
			buildConfigurationList = 34642942290CF79A0070B425 /* Build configuration list for PBXNativeTarget "DietRecord" */;
			buildPhases = (
				6D3F1F307E618FE8EA7156E3 /* [CP] Check Pods Manifest.lock */,
				3464292A290CF79A0070B425 /* Sources */,
				3464292B290CF79A0070B425 /* Frameworks */,
				3464292C290CF79A0070B425 /* Resources */,
				0C50704D3DF0A17A3ED5D99A /* [CP] Embed Pods Frameworks */,
			);
			buildRules = (
			);
			dependencies = (
			);
			name = DietRecord;
			productName = DietRecord;
			productReference = 3464292E290CF79A0070B425 /* DietRecord.app */;
			productType = "com.apple.product-type.application";
		};
/* End PBXNativeTarget section */

/* Begin PBXProject section */
		34642926290CF79A0070B425 /* Project object */ = {
			isa = PBXProject;
			attributes = {
				BuildIndependentTargetsInParallel = 1;
				LastSwiftUpdateCheck = 1340;
				LastUpgradeCheck = 1340;
				TargetAttributes = {
					3464292D290CF79A0070B425 = {
						CreatedOnToolsVersion = 13.4.1;
					};
				};
			};
			buildConfigurationList = 34642929290CF79A0070B425 /* Build configuration list for PBXProject "DietRecord" */;
			compatibilityVersion = "Xcode 13.0";
			developmentRegion = en;
			hasScannedForEncodings = 0;
			knownRegions = (
				en,
				Base,
			);
			mainGroup = 34642925290CF79A0070B425;
			productRefGroup = 3464292F290CF79A0070B425 /* Products */;
			projectDirPath = "";
			projectRoot = "";
			targets = (
				3464292D290CF79A0070B425 /* DietRecord */,
			);
		};
/* End PBXProject section */

/* Begin PBXResourcesBuildPhase section */
		3464292C290CF79A0070B425 /* Resources */ = {
			isa = PBXResourcesBuildPhase;
			buildActionMask = 2147483647;
			files = (
				34270E64290D526500D5AFFD /* DietRecord.storyboard in Resources */,
				34270E7D290E9BFC00D5AFFD /* CaloriesPieChartCell.xib in Resources */,
				3464293E290CF79A0070B425 /* LaunchScreen.storyboard in Resources */,
				34270E61290D51F300D5AFFD /* Weight.storyboard in Resources */,
				34642946290D01990070B425 /* GoogleService-Info.plist in Resources */,
				34270E67290D529100D5AFFD /* Report.storyboard in Resources */,
				34270E5E290D518A00D5AFFD /* Water.storyboard in Resources */,
				34270E81290EAD1400D5AFFD /* DietRecordCell.xib in Resources */,
				34270E72290D54B700D5AFFD /* Profile.storyboard in Resources */,
				3464293B290CF79A0070B425 /* Assets.xcassets in Resources */,
				34642939290CF79A0070B425 /* Main.storyboard in Resources */,
			);
			runOnlyForDeploymentPostprocessing = 0;
		};
/* End PBXResourcesBuildPhase section */

/* Begin PBXShellScriptBuildPhase section */
		0C50704D3DF0A17A3ED5D99A /* [CP] Embed Pods Frameworks */ = {
			isa = PBXShellScriptBuildPhase;
			buildActionMask = 2147483647;
			files = (
			);
			inputFileListPaths = (
				"${PODS_ROOT}/Target Support Files/Pods-DietRecord/Pods-DietRecord-frameworks-${CONFIGURATION}-input-files.xcfilelist",
			);
			name = "[CP] Embed Pods Frameworks";
			outputFileListPaths = (
				"${PODS_ROOT}/Target Support Files/Pods-DietRecord/Pods-DietRecord-frameworks-${CONFIGURATION}-output-files.xcfilelist",
			);
			runOnlyForDeploymentPostprocessing = 0;
			shellPath = /bin/sh;
			shellScript = "\"${PODS_ROOT}/Target Support Files/Pods-DietRecord/Pods-DietRecord-frameworks.sh\"\n";
			showEnvVarsInLog = 0;
		};
		6D3F1F307E618FE8EA7156E3 /* [CP] Check Pods Manifest.lock */ = {
			isa = PBXShellScriptBuildPhase;
			buildActionMask = 2147483647;
			files = (
			);
			inputFileListPaths = (
			);
			inputPaths = (
				"${PODS_PODFILE_DIR_PATH}/Podfile.lock",
				"${PODS_ROOT}/Manifest.lock",
			);
			name = "[CP] Check Pods Manifest.lock";
			outputFileListPaths = (
			);
			outputPaths = (
				"$(DERIVED_FILE_DIR)/Pods-DietRecord-checkManifestLockResult.txt",
			);
			runOnlyForDeploymentPostprocessing = 0;
			shellPath = /bin/sh;
			shellScript = "diff \"${PODS_PODFILE_DIR_PATH}/Podfile.lock\" \"${PODS_ROOT}/Manifest.lock\" > /dev/null\nif [ $? != 0 ] ; then\n    # print error to STDERR\n    echo \"error: The sandbox is not in sync with the Podfile.lock. Run 'pod install' or update your CocoaPods installation.\" >&2\n    exit 1\nfi\n# This output is used by Xcode 'outputs' to avoid re-running this script phase.\necho \"SUCCESS\" > \"${SCRIPT_OUTPUT_FILE_0}\"\n";
			showEnvVarsInLog = 0;
		};
/* End PBXShellScriptBuildPhase section */

/* Begin PBXSourcesBuildPhase section */
		3464292A290CF79A0070B425 /* Sources */ = {
			isa = PBXSourcesBuildPhase;
			buildActionMask = 2147483647;
			files = (
				34270E6D290D532900D5AFFD /* ProfileVC.swift in Sources */,
				34270E7B290E9A4300D5AFFD /* CaloriesPieChartCell.swift in Sources */,
				3464294D290D16E00070B425 /* Double+Extension.swift in Sources */,
				34642936290CF79A0070B425 /* DietRecordVC.swift in Sources */,
				34270E6F290D533400D5AFFD /* ReportVC.swift in Sources */,
				34642949290D07B80070B425 /* PieChart.swift in Sources */,
				3464295C290D48650070B425 /* BalloonMarker.swift in Sources */,
				34270E7F290EAD0600D5AFFD /* DietRecoedCell.swift in Sources */,
				34642950290D1EA20070B425 /* UIColor+Extension.swift in Sources */,
				34642955290D2A290070B425 /* LineChart.swift in Sources */,
				34270E6B290D531F00D5AFFD /* WaterVC.swift in Sources */,
				34270E69290D530700D5AFFD /* WeightVC.swift in Sources */,
				34642957290D2B2D0070B425 /* DRConstant.swift in Sources */,
				34642932290CF79A0070B425 /* AppDelegate.swift in Sources */,
				34270E78290D578800D5AFFD /* HealthKitManager.swift in Sources */,
				34642934290CF79A0070B425 /* SceneDelegate.swift in Sources */,
			);
			runOnlyForDeploymentPostprocessing = 0;
		};
/* End PBXSourcesBuildPhase section */

/* Begin PBXVariantGroup section */
		34270E5C290D518A00D5AFFD /* Water.storyboard */ = {
			isa = PBXVariantGroup;
			children = (
				34270E5D290D518A00D5AFFD /* Base */,
			);
			name = Water.storyboard;
			sourceTree = "<group>";
		};
		34270E5F290D51F300D5AFFD /* Weight.storyboard */ = {
			isa = PBXVariantGroup;
			children = (
				34270E60290D51F300D5AFFD /* Base */,
			);
			name = Weight.storyboard;
			sourceTree = "<group>";
		};
		34270E62290D526500D5AFFD /* DietRecord.storyboard */ = {
			isa = PBXVariantGroup;
			children = (
				34270E63290D526500D5AFFD /* Base */,
			);
			name = DietRecord.storyboard;
			sourceTree = "<group>";
		};
		34270E65290D529100D5AFFD /* Report.storyboard */ = {
			isa = PBXVariantGroup;
			children = (
				34270E66290D529100D5AFFD /* Base */,
			);
			name = Report.storyboard;
			sourceTree = "<group>";
		};
		34270E70290D54B700D5AFFD /* Profile.storyboard */ = {
			isa = PBXVariantGroup;
			children = (
				34270E71290D54B700D5AFFD /* Base */,
			);
			name = Profile.storyboard;
			sourceTree = "<group>";
		};
		34642937290CF79A0070B425 /* Main.storyboard */ = {
			isa = PBXVariantGroup;
			children = (
				34642938290CF79A0070B425 /* Base */,
			);
			name = Main.storyboard;
			sourceTree = "<group>";
		};
		3464293C290CF79A0070B425 /* LaunchScreen.storyboard */ = {
			isa = PBXVariantGroup;
			children = (
				3464293D290CF79A0070B425 /* Base */,
			);
			name = LaunchScreen.storyboard;
			sourceTree = "<group>";
		};
/* End PBXVariantGroup section */

/* Begin XCBuildConfiguration section */
		34642940290CF79A0070B425 /* Debug */ = {
			isa = XCBuildConfiguration;
			buildSettings = {
				ALWAYS_SEARCH_USER_PATHS = NO;
				CLANG_ANALYZER_NONNULL = YES;
				CLANG_ANALYZER_NUMBER_OBJECT_CONVERSION = YES_AGGRESSIVE;
				CLANG_CXX_LANGUAGE_STANDARD = "gnu++17";
				CLANG_ENABLE_MODULES = YES;
				CLANG_ENABLE_OBJC_ARC = YES;
				CLANG_ENABLE_OBJC_WEAK = YES;
				CLANG_WARN_BLOCK_CAPTURE_AUTORELEASING = YES;
				CLANG_WARN_BOOL_CONVERSION = YES;
				CLANG_WARN_COMMA = YES;
				CLANG_WARN_CONSTANT_CONVERSION = YES;
				CLANG_WARN_DEPRECATED_OBJC_IMPLEMENTATIONS = YES;
				CLANG_WARN_DIRECT_OBJC_ISA_USAGE = YES_ERROR;
				CLANG_WARN_DOCUMENTATION_COMMENTS = YES;
				CLANG_WARN_EMPTY_BODY = YES;
				CLANG_WARN_ENUM_CONVERSION = YES;
				CLANG_WARN_INFINITE_RECURSION = YES;
				CLANG_WARN_INT_CONVERSION = YES;
				CLANG_WARN_NON_LITERAL_NULL_CONVERSION = YES;
				CLANG_WARN_OBJC_IMPLICIT_RETAIN_SELF = YES;
				CLANG_WARN_OBJC_LITERAL_CONVERSION = YES;
				CLANG_WARN_OBJC_ROOT_CLASS = YES_ERROR;
				CLANG_WARN_QUOTED_INCLUDE_IN_FRAMEWORK_HEADER = YES;
				CLANG_WARN_RANGE_LOOP_ANALYSIS = YES;
				CLANG_WARN_STRICT_PROTOTYPES = YES;
				CLANG_WARN_SUSPICIOUS_MOVE = YES;
				CLANG_WARN_UNGUARDED_AVAILABILITY = YES_AGGRESSIVE;
				CLANG_WARN_UNREACHABLE_CODE = YES;
				CLANG_WARN__DUPLICATE_METHOD_MATCH = YES;
				COPY_PHASE_STRIP = NO;
				DEBUG_INFORMATION_FORMAT = dwarf;
				ENABLE_STRICT_OBJC_MSGSEND = YES;
				ENABLE_TESTABILITY = YES;
				GCC_C_LANGUAGE_STANDARD = gnu11;
				GCC_DYNAMIC_NO_PIC = NO;
				GCC_NO_COMMON_BLOCKS = YES;
				GCC_OPTIMIZATION_LEVEL = 0;
				GCC_PREPROCESSOR_DEFINITIONS = (
					"DEBUG=1",
					"$(inherited)",
				);
				GCC_WARN_64_TO_32_BIT_CONVERSION = YES;
				GCC_WARN_ABOUT_RETURN_TYPE = YES_ERROR;
				GCC_WARN_UNDECLARED_SELECTOR = YES;
				GCC_WARN_UNINITIALIZED_AUTOS = YES_AGGRESSIVE;
				GCC_WARN_UNUSED_FUNCTION = YES;
				GCC_WARN_UNUSED_VARIABLE = YES;
				IPHONEOS_DEPLOYMENT_TARGET = 15.5;
				MTL_ENABLE_DEBUG_INFO = INCLUDE_SOURCE;
				MTL_FAST_MATH = YES;
				ONLY_ACTIVE_ARCH = YES;
				SDKROOT = iphoneos;
				SWIFT_ACTIVE_COMPILATION_CONDITIONS = DEBUG;
				SWIFT_OPTIMIZATION_LEVEL = "-Onone";
			};
			name = Debug;
		};
		34642941290CF79A0070B425 /* Release */ = {
			isa = XCBuildConfiguration;
			buildSettings = {
				ALWAYS_SEARCH_USER_PATHS = NO;
				CLANG_ANALYZER_NONNULL = YES;
				CLANG_ANALYZER_NUMBER_OBJECT_CONVERSION = YES_AGGRESSIVE;
				CLANG_CXX_LANGUAGE_STANDARD = "gnu++17";
				CLANG_ENABLE_MODULES = YES;
				CLANG_ENABLE_OBJC_ARC = YES;
				CLANG_ENABLE_OBJC_WEAK = YES;
				CLANG_WARN_BLOCK_CAPTURE_AUTORELEASING = YES;
				CLANG_WARN_BOOL_CONVERSION = YES;
				CLANG_WARN_COMMA = YES;
				CLANG_WARN_CONSTANT_CONVERSION = YES;
				CLANG_WARN_DEPRECATED_OBJC_IMPLEMENTATIONS = YES;
				CLANG_WARN_DIRECT_OBJC_ISA_USAGE = YES_ERROR;
				CLANG_WARN_DOCUMENTATION_COMMENTS = YES;
				CLANG_WARN_EMPTY_BODY = YES;
				CLANG_WARN_ENUM_CONVERSION = YES;
				CLANG_WARN_INFINITE_RECURSION = YES;
				CLANG_WARN_INT_CONVERSION = YES;
				CLANG_WARN_NON_LITERAL_NULL_CONVERSION = YES;
				CLANG_WARN_OBJC_IMPLICIT_RETAIN_SELF = YES;
				CLANG_WARN_OBJC_LITERAL_CONVERSION = YES;
				CLANG_WARN_OBJC_ROOT_CLASS = YES_ERROR;
				CLANG_WARN_QUOTED_INCLUDE_IN_FRAMEWORK_HEADER = YES;
				CLANG_WARN_RANGE_LOOP_ANALYSIS = YES;
				CLANG_WARN_STRICT_PROTOTYPES = YES;
				CLANG_WARN_SUSPICIOUS_MOVE = YES;
				CLANG_WARN_UNGUARDED_AVAILABILITY = YES_AGGRESSIVE;
				CLANG_WARN_UNREACHABLE_CODE = YES;
				CLANG_WARN__DUPLICATE_METHOD_MATCH = YES;
				COPY_PHASE_STRIP = NO;
				DEBUG_INFORMATION_FORMAT = "dwarf-with-dsym";
				ENABLE_NS_ASSERTIONS = NO;
				ENABLE_STRICT_OBJC_MSGSEND = YES;
				GCC_C_LANGUAGE_STANDARD = gnu11;
				GCC_NO_COMMON_BLOCKS = YES;
				GCC_WARN_64_TO_32_BIT_CONVERSION = YES;
				GCC_WARN_ABOUT_RETURN_TYPE = YES_ERROR;
				GCC_WARN_UNDECLARED_SELECTOR = YES;
				GCC_WARN_UNINITIALIZED_AUTOS = YES_AGGRESSIVE;
				GCC_WARN_UNUSED_FUNCTION = YES;
				GCC_WARN_UNUSED_VARIABLE = YES;
				IPHONEOS_DEPLOYMENT_TARGET = 15.5;
				MTL_ENABLE_DEBUG_INFO = NO;
				MTL_FAST_MATH = YES;
				SDKROOT = iphoneos;
				SWIFT_COMPILATION_MODE = wholemodule;
				SWIFT_OPTIMIZATION_LEVEL = "-O";
				VALIDATE_PRODUCT = YES;
			};
			name = Release;
		};
		34642943290CF79A0070B425 /* Debug */ = {
			isa = XCBuildConfiguration;
			baseConfigurationReference = 0F70E0A7FBB5357DB1F3479B /* Pods-DietRecord.debug.xcconfig */;
			buildSettings = {
				ASSETCATALOG_COMPILER_APPICON_NAME = AppIcon;
				ASSETCATALOG_COMPILER_GLOBAL_ACCENT_COLOR_NAME = AccentColor;
				CODE_SIGN_ENTITLEMENTS = DietRecord/DietRecord.entitlements;
				CODE_SIGN_STYLE = Automatic;
				CURRENT_PROJECT_VERSION = 1;
				DEVELOPMENT_TEAM = 3JB8UHPNGJ;
				GENERATE_INFOPLIST_FILE = YES;
				INFOPLIST_FILE = DietRecord/Info.plist;
				INFOPLIST_KEY_UIApplicationSupportsIndirectInputEvents = YES;
				INFOPLIST_KEY_UILaunchStoryboardName = LaunchScreen;
				INFOPLIST_KEY_UIMainStoryboardFile = Main;
				INFOPLIST_KEY_UISupportedInterfaceOrientations_iPad = "UIInterfaceOrientationPortrait UIInterfaceOrientationPortraitUpsideDown UIInterfaceOrientationLandscapeLeft UIInterfaceOrientationLandscapeRight";
				INFOPLIST_KEY_UISupportedInterfaceOrientations_iPhone = "UIInterfaceOrientationPortrait UIInterfaceOrientationLandscapeLeft UIInterfaceOrientationLandscapeRight";
				IPHONEOS_DEPLOYMENT_TARGET = 14.0;
				LD_RUNPATH_SEARCH_PATHS = (
					"$(inherited)",
					"@executable_path/Frameworks",
				);
				MARKETING_VERSION = 1.0;
				PRODUCT_BUNDLE_IDENTIFIER = com.Chun.DietRecord;
				PRODUCT_NAME = "$(TARGET_NAME)";
				SWIFT_EMIT_LOC_STRINGS = YES;
				SWIFT_VERSION = 5.0;
				TARGETED_DEVICE_FAMILY = "1,2";
			};
			name = Debug;
		};
		34642944290CF79A0070B425 /* Release */ = {
			isa = XCBuildConfiguration;
			baseConfigurationReference = 1AFFCECFF9E58FBA689E2C5A /* Pods-DietRecord.release.xcconfig */;
			buildSettings = {
				ASSETCATALOG_COMPILER_APPICON_NAME = AppIcon;
				ASSETCATALOG_COMPILER_GLOBAL_ACCENT_COLOR_NAME = AccentColor;
				CODE_SIGN_ENTITLEMENTS = DietRecord/DietRecord.entitlements;
				CODE_SIGN_STYLE = Automatic;
				CURRENT_PROJECT_VERSION = 1;
				DEVELOPMENT_TEAM = 3JB8UHPNGJ;
				GENERATE_INFOPLIST_FILE = YES;
				INFOPLIST_FILE = DietRecord/Info.plist;
				INFOPLIST_KEY_UIApplicationSupportsIndirectInputEvents = YES;
				INFOPLIST_KEY_UILaunchStoryboardName = LaunchScreen;
				INFOPLIST_KEY_UIMainStoryboardFile = Main;
				INFOPLIST_KEY_UISupportedInterfaceOrientations_iPad = "UIInterfaceOrientationPortrait UIInterfaceOrientationPortraitUpsideDown UIInterfaceOrientationLandscapeLeft UIInterfaceOrientationLandscapeRight";
				INFOPLIST_KEY_UISupportedInterfaceOrientations_iPhone = "UIInterfaceOrientationPortrait UIInterfaceOrientationLandscapeLeft UIInterfaceOrientationLandscapeRight";
				IPHONEOS_DEPLOYMENT_TARGET = 14.0;
				LD_RUNPATH_SEARCH_PATHS = (
					"$(inherited)",
					"@executable_path/Frameworks",
				);
				MARKETING_VERSION = 1.0;
				PRODUCT_BUNDLE_IDENTIFIER = com.Chun.DietRecord;
				PRODUCT_NAME = "$(TARGET_NAME)";
				SWIFT_EMIT_LOC_STRINGS = YES;
				SWIFT_VERSION = 5.0;
				TARGETED_DEVICE_FAMILY = "1,2";
			};
			name = Release;
		};
/* End XCBuildConfiguration section */

/* Begin XCConfigurationList section */
		34642929290CF79A0070B425 /* Build configuration list for PBXProject "DietRecord" */ = {
			isa = XCConfigurationList;
			buildConfigurations = (
				34642940290CF79A0070B425 /* Debug */,
				34642941290CF79A0070B425 /* Release */,
			);
			defaultConfigurationIsVisible = 0;
			defaultConfigurationName = Release;
		};
		34642942290CF79A0070B425 /* Build configuration list for PBXNativeTarget "DietRecord" */ = {
			isa = XCConfigurationList;
			buildConfigurations = (
				34642943290CF79A0070B425 /* Debug */,
				34642944290CF79A0070B425 /* Release */,
			);
			defaultConfigurationIsVisible = 0;
			defaultConfigurationName = Release;
		};
/* End XCConfigurationList section */
	};
	rootObject = 34642926290CF79A0070B425 /* Project object */;
}
